// !$*UTF8*$!
{
	archiveVersion = 1;
	classes = {
	};
	objectVersion = 46;
	objects = {

/* Begin PBXBuildFile section */
		591316F614F59B1600D9F13C /* NestingTestClasses.m in Sources */ = {isa = PBXBuildFile; fileRef = 591316F514F59B1600D9F13C /* NestingTestClasses.m */; };
		591316F714F59B1600D9F13C /* NestingTestClasses.m in Sources */ = {isa = PBXBuildFile; fileRef = 591316F514F59B1600D9F13C /* NestingTestClasses.m */; };
		5914244E14EAFCEF00481815 /* InfoPlist.strings in Resources */ = {isa = PBXBuildFile; fileRef = 5914244C14EAFCEF00481815 /* InfoPlist.strings */; };
		5914245014EAFCEF00481815 /* main.m in Sources */ = {isa = PBXBuildFile; fileRef = 5914244F14EAFCEF00481815 /* main.m */; };
		5914245414EAFCEF00481815 /* Credits.rtf in Resources */ = {isa = PBXBuildFile; fileRef = 5914245214EAFCEF00481815 /* Credits.rtf */; };
		5914247214EAFD0F00481815 /* NSData+Additions.m in Sources */ = {isa = PBXBuildFile; fileRef = 5914246114EAFD0F00481815 /* NSData+Additions.m */; };
		5914247314EAFD0F00481815 /* NSData+Additions.m in Sources */ = {isa = PBXBuildFile; fileRef = 5914246114EAFD0F00481815 /* NSData+Additions.m */; };
		5914247414EAFD0F00481815 /* NSString+InflectionSupport.m in Sources */ = {isa = PBXBuildFile; fileRef = 5914246314EAFD0F00481815 /* NSString+InflectionSupport.m */; };
		5914247514EAFD0F00481815 /* NSString+InflectionSupport.m in Sources */ = {isa = PBXBuildFile; fileRef = 5914246314EAFD0F00481815 /* NSString+InflectionSupport.m */; };
		5914247614EAFD0F00481815 /* NSObject+SBJSON.m in Sources */ = {isa = PBXBuildFile; fileRef = 5914246714EAFD0F00481815 /* NSObject+SBJSON.m */; };
		5914247714EAFD0F00481815 /* NSObject+SBJSON.m in Sources */ = {isa = PBXBuildFile; fileRef = 5914246714EAFD0F00481815 /* NSObject+SBJSON.m */; };
		5914247814EAFD0F00481815 /* NSString+SBJSON.m in Sources */ = {isa = PBXBuildFile; fileRef = 5914246914EAFD0F00481815 /* NSString+SBJSON.m */; };
		5914247914EAFD0F00481815 /* NSString+SBJSON.m in Sources */ = {isa = PBXBuildFile; fileRef = 5914246914EAFD0F00481815 /* NSString+SBJSON.m */; };
		5914247A14EAFD0F00481815 /* SBJSON.m in Sources */ = {isa = PBXBuildFile; fileRef = 5914246B14EAFD0F00481815 /* SBJSON.m */; };
		5914247B14EAFD0F00481815 /* SBJSON.m in Sources */ = {isa = PBXBuildFile; fileRef = 5914246B14EAFD0F00481815 /* SBJSON.m */; };
		5914247C14EAFD0F00481815 /* NSObject+Properties.m in Sources */ = {isa = PBXBuildFile; fileRef = 5914246D14EAFD0F00481815 /* NSObject+Properties.m */; };
		5914247D14EAFD0F00481815 /* NSObject+Properties.m in Sources */ = {isa = PBXBuildFile; fileRef = 5914246D14EAFD0F00481815 /* NSObject+Properties.m */; };
		5914247E14EAFD0F00481815 /* NSRails.m in Sources */ = {isa = PBXBuildFile; fileRef = 5914246F14EAFD0F00481815 /* NSRails.m */; };
		5914247F14EAFD0F00481815 /* NSRails.m in Sources */ = {isa = PBXBuildFile; fileRef = 5914246F14EAFD0F00481815 /* NSRails.m */; };
		5914248014EAFD0F00481815 /* NSRConfig.m in Sources */ = {isa = PBXBuildFile; fileRef = 5914247114EAFD0F00481815 /* NSRConfig.m */; };
		5914248114EAFD0F00481815 /* NSRConfig.m in Sources */ = {isa = PBXBuildFile; fileRef = 5914247114EAFD0F00481815 /* NSRConfig.m */; };
		5914248E14EAFD3200481815 /* InfoPlist.strings in Resources */ = {isa = PBXBuildFile; fileRef = 5914248314EAFD3200481815 /* InfoPlist.strings */; };
		5914249114EAFD3200481815 /* main.m in Sources */ = {isa = PBXBuildFile; fileRef = 5914248814EAFD3200481815 /* main.m */; };
		5914249614EAFD4100481815 /* GHUnitIOS.framework in Frameworks */ = {isa = PBXBuildFile; fileRef = 5914249514EAFD4100481815 /* GHUnitIOS.framework */; };
		591424B414EAFF9800481815 /* InheritanceTestClasses.m in Sources */ = {isa = PBXBuildFile; fileRef = 591424B014EAFF9800481815 /* InheritanceTestClasses.m */; };
		591424B514EAFF9800481815 /* InheritanceTestClasses.m in Sources */ = {isa = PBXBuildFile; fileRef = 591424B014EAFF9800481815 /* InheritanceTestClasses.m */; };
		591424B614EAFF9800481815 /* TestClass.m in Sources */ = {isa = PBXBuildFile; fileRef = 591424B214EAFF9800481815 /* TestClass.m */; };
		591424B714EAFF9800481815 /* TestClass.m in Sources */ = {isa = PBXBuildFile; fileRef = 591424B214EAFF9800481815 /* TestClass.m */; };
		591424B814EAFF9800481815 /* GeneralTests.m in Sources */ = {isa = PBXBuildFile; fileRef = 591424B314EAFF9800481815 /* GeneralTests.m */; };
		591424B914EAFF9800481815 /* GeneralTests.m in Sources */ = {isa = PBXBuildFile; fileRef = 591424B314EAFF9800481815 /* GeneralTests.m */; };
		591424C514EB098600481815 /* GHUnit.framework in Frameworks */ = {isa = PBXBuildFile; fileRef = 591424C414EB098600481815 /* GHUnit.framework */; };
		591424C714EB0A1900481815 /* GHUnit.framework in CopyFiles */ = {isa = PBXBuildFile; fileRef = 591424C414EB098600481815 /* GHUnit.framework */; };
		591424C914EB0A9700481815 /* Cocoa.framework in Frameworks */ = {isa = PBXBuildFile; fileRef = 591424C814EB0A9700481815 /* Cocoa.framework */; };
		59A6822714F0080400E4B489 /* InheritanceTests.m in Sources */ = {isa = PBXBuildFile; fileRef = 59A6822614F0080400E4B489 /* InheritanceTests.m */; };
		59A6822814F0080400E4B489 /* InheritanceTests.m in Sources */ = {isa = PBXBuildFile; fileRef = 59A6822614F0080400E4B489 /* InheritanceTests.m */; };
		59E318B114E9CDC500B0FC39 /* UIKit.framework in Frameworks */ = {isa = PBXBuildFile; fileRef = 59E3187814E9CD8700B0FC39 /* UIKit.framework */; };
		59E318B214E9CDC500B0FC39 /* Foundation.framework in Frameworks */ = {isa = PBXBuildFile; fileRef = 59E3187A14E9CD8700B0FC39 /* Foundation.framework */; };
		59E318B314E9CDC500B0FC39 /* CoreGraphics.framework in Frameworks */ = {isa = PBXBuildFile; fileRef = 59E3187C14E9CD8700B0FC39 /* CoreGraphics.framework */; };
/* End PBXBuildFile section */

/* Begin PBXCopyFilesBuildPhase section */
		591424C614EB0A0300481815 /* CopyFiles */ = {
			isa = PBXCopyFilesBuildPhase;
			buildActionMask = 2147483647;
			dstPath = "";
			dstSubfolderSpec = 10;
			files = (
				591424C714EB0A1900481815 /* GHUnit.framework in CopyFiles */,
			);
			runOnlyForDeploymentPostprocessing = 0;
		};
/* End PBXCopyFilesBuildPhase section */

/* Begin PBXFileReference section */
		591316F414F59B1600D9F13C /* NestingTestClasses.h */ = {isa = PBXFileReference; fileEncoding = 4; lastKnownFileType = sourcecode.c.h; path = NestingTestClasses.h; sourceTree = "<group>"; };
		591316F514F59B1600D9F13C /* NestingTestClasses.m */ = {isa = PBXFileReference; fileEncoding = 4; lastKnownFileType = sourcecode.c.objc; path = NestingTestClasses.m; sourceTree = "<group>"; };
		5914244114EAFCEE00481815 /* Mac OS Tests.app */ = {isa = PBXFileReference; explicitFileType = wrapper.application; includeInIndex = 0; path = "Mac OS Tests.app"; sourceTree = BUILT_PRODUCTS_DIR; };
		5914244614EAFCEF00481815 /* AppKit.framework */ = {isa = PBXFileReference; lastKnownFileType = wrapper.framework; name = AppKit.framework; path = Library/Frameworks/AppKit.framework; sourceTree = SDKROOT; };
		5914244714EAFCEF00481815 /* CoreData.framework */ = {isa = PBXFileReference; lastKnownFileType = wrapper.framework; name = CoreData.framework; path = Library/Frameworks/CoreData.framework; sourceTree = SDKROOT; };
		5914244814EAFCEF00481815 /* Foundation.framework */ = {isa = PBXFileReference; lastKnownFileType = wrapper.framework; name = Foundation.framework; path = Library/Frameworks/Foundation.framework; sourceTree = SDKROOT; };
		5914244B14EAFCEF00481815 /* Mac OS Tests-Info.plist */ = {isa = PBXFileReference; lastKnownFileType = text.plist.xml; path = "Mac OS Tests-Info.plist"; sourceTree = "<group>"; };
		5914244D14EAFCEF00481815 /* en */ = {isa = PBXFileReference; lastKnownFileType = text.plist.strings; name = en; path = en.lproj/InfoPlist.strings; sourceTree = "<group>"; };
		5914244F14EAFCEF00481815 /* main.m */ = {isa = PBXFileReference; lastKnownFileType = sourcecode.c.objc; path = main.m; sourceTree = "<group>"; };
		5914245114EAFCEF00481815 /* Mac OS Tests-Prefix.pch */ = {isa = PBXFileReference; lastKnownFileType = sourcecode.c.h; path = "Mac OS Tests-Prefix.pch"; sourceTree = "<group>"; };
		5914245314EAFCEF00481815 /* en */ = {isa = PBXFileReference; lastKnownFileType = text.rtf; name = en; path = en.lproj/Credits.rtf; sourceTree = "<group>"; };
		5914246014EAFD0F00481815 /* NSData+Additions.h */ = {isa = PBXFileReference; fileEncoding = 4; lastKnownFileType = sourcecode.c.h; path = "NSData+Additions.h"; sourceTree = "<group>"; };
		5914246114EAFD0F00481815 /* NSData+Additions.m */ = {isa = PBXFileReference; fileEncoding = 4; lastKnownFileType = sourcecode.c.objc; path = "NSData+Additions.m"; sourceTree = "<group>"; };
		5914246214EAFD0F00481815 /* NSString+InflectionSupport.h */ = {isa = PBXFileReference; fileEncoding = 4; lastKnownFileType = sourcecode.c.h; path = "NSString+InflectionSupport.h"; sourceTree = "<group>"; };
		5914246314EAFD0F00481815 /* NSString+InflectionSupport.m */ = {isa = PBXFileReference; fileEncoding = 4; lastKnownFileType = sourcecode.c.objc; path = "NSString+InflectionSupport.m"; sourceTree = "<group>"; };
		5914246514EAFD0F00481815 /* JSONFramework.h */ = {isa = PBXFileReference; fileEncoding = 4; lastKnownFileType = sourcecode.c.h; path = JSONFramework.h; sourceTree = "<group>"; };
		5914246614EAFD0F00481815 /* NSObject+SBJSON.h */ = {isa = PBXFileReference; fileEncoding = 4; lastKnownFileType = sourcecode.c.h; path = "NSObject+SBJSON.h"; sourceTree = "<group>"; };
		5914246714EAFD0F00481815 /* NSObject+SBJSON.m */ = {isa = PBXFileReference; fileEncoding = 4; lastKnownFileType = sourcecode.c.objc; path = "NSObject+SBJSON.m"; sourceTree = "<group>"; };
		5914246814EAFD0F00481815 /* NSString+SBJSON.h */ = {isa = PBXFileReference; fileEncoding = 4; lastKnownFileType = sourcecode.c.h; path = "NSString+SBJSON.h"; sourceTree = "<group>"; };
		5914246914EAFD0F00481815 /* NSString+SBJSON.m */ = {isa = PBXFileReference; fileEncoding = 4; lastKnownFileType = sourcecode.c.objc; path = "NSString+SBJSON.m"; sourceTree = "<group>"; };
		5914246A14EAFD0F00481815 /* SBJSON.h */ = {isa = PBXFileReference; fileEncoding = 4; lastKnownFileType = sourcecode.c.h; path = SBJSON.h; sourceTree = "<group>"; };
		5914246B14EAFD0F00481815 /* SBJSON.m */ = {isa = PBXFileReference; fileEncoding = 4; lastKnownFileType = sourcecode.c.objc; path = SBJSON.m; sourceTree = "<group>"; };
		5914246C14EAFD0F00481815 /* NSObject+Properties.h */ = {isa = PBXFileReference; fileEncoding = 4; lastKnownFileType = sourcecode.c.h; path = "NSObject+Properties.h"; sourceTree = "<group>"; };
		5914246D14EAFD0F00481815 /* NSObject+Properties.m */ = {isa = PBXFileReference; fileEncoding = 4; lastKnownFileType = sourcecode.c.objc; path = "NSObject+Properties.m"; sourceTree = "<group>"; };
		5914246E14EAFD0F00481815 /* NSRails.h */ = {isa = PBXFileReference; fileEncoding = 4; lastKnownFileType = sourcecode.c.h; path = NSRails.h; sourceTree = "<group>"; };
		5914246F14EAFD0F00481815 /* NSRails.m */ = {isa = PBXFileReference; fileEncoding = 4; lastKnownFileType = sourcecode.c.objc; path = NSRails.m; sourceTree = "<group>"; };
		5914247014EAFD0F00481815 /* NSRConfig.h */ = {isa = PBXFileReference; fileEncoding = 4; lastKnownFileType = sourcecode.c.h; path = NSRConfig.h; sourceTree = "<group>"; };
		5914247114EAFD0F00481815 /* NSRConfig.m */ = {isa = PBXFileReference; fileEncoding = 4; lastKnownFileType = sourcecode.c.objc; path = NSRConfig.m; sourceTree = "<group>"; };
		5914248414EAFD3200481815 /* en */ = {isa = PBXFileReference; lastKnownFileType = text.plist.strings; name = en; path = en.lproj/InfoPlist.strings; sourceTree = "<group>"; };
		5914248814EAFD3200481815 /* main.m */ = {isa = PBXFileReference; fileEncoding = 4; lastKnownFileType = sourcecode.c.objc; path = main.m; sourceTree = "<group>"; };
		5914249514EAFD4100481815 /* GHUnitIOS.framework */ = {isa = PBXFileReference; lastKnownFileType = wrapper.framework; name = GHUnitIOS.framework; path = "iPhone Tests/GHUnitIOS.framework"; sourceTree = "<group>"; };
		591424AF14EAFF9800481815 /* InheritanceTestClasses.h */ = {isa = PBXFileReference; fileEncoding = 4; lastKnownFileType = sourcecode.c.h; path = InheritanceTestClasses.h; sourceTree = "<group>"; };
		591424B014EAFF9800481815 /* InheritanceTestClasses.m */ = {isa = PBXFileReference; fileEncoding = 4; lastKnownFileType = sourcecode.c.objc; path = InheritanceTestClasses.m; sourceTree = "<group>"; };
		591424B114EAFF9800481815 /* TestClass.h */ = {isa = PBXFileReference; fileEncoding = 4; lastKnownFileType = sourcecode.c.h; path = TestClass.h; sourceTree = "<group>"; };
		591424B214EAFF9800481815 /* TestClass.m */ = {isa = PBXFileReference; fileEncoding = 4; lastKnownFileType = sourcecode.c.objc; path = TestClass.m; sourceTree = "<group>"; };
		591424B314EAFF9800481815 /* GeneralTests.m */ = {isa = PBXFileReference; fileEncoding = 4; lastKnownFileType = sourcecode.c.objc; path = GeneralTests.m; sourceTree = "<group>"; };
		591424BB14EAFFD200481815 /* iPhone Tests-Prefix.pch */ = {isa = PBXFileReference; fileEncoding = 4; lastKnownFileType = sourcecode.c.h; path = "iPhone Tests-Prefix.pch"; sourceTree = "<group>"; };
		591424BD14EB002C00481815 /* iPhone Tests-Info.plist */ = {isa = PBXFileReference; lastKnownFileType = text.plist.xml; path = "iPhone Tests-Info.plist"; sourceTree = "<group>"; };
		591424C414EB098600481815 /* GHUnit.framework */ = {isa = PBXFileReference; lastKnownFileType = wrapper.framework; name = GHUnit.framework; path = "Mac OS Tests/GHUnit.framework"; sourceTree = "<group>"; };
		591424C814EB0A9700481815 /* Cocoa.framework */ = {isa = PBXFileReference; lastKnownFileType = wrapper.framework; name = Cocoa.framework; path = SDKs/MacOSX10.6.sdk/System/Library/Frameworks/Cocoa.framework; sourceTree = DEVELOPER_DIR; };
		59A6822614F0080400E4B489 /* InheritanceTests.m */ = {isa = PBXFileReference; fileEncoding = 4; lastKnownFileType = sourcecode.c.objc; path = InheritanceTests.m; sourceTree = "<group>"; };
		59A6822A14F0085F00E4B489 /* NSRAsserts.h */ = {isa = PBXFileReference; fileEncoding = 4; lastKnownFileType = sourcecode.c.h; name = NSRAsserts.h; path = "Universal Tests/NSRAsserts.h"; sourceTree = "<group>"; };
		59E3187814E9CD8700B0FC39 /* UIKit.framework */ = {isa = PBXFileReference; lastKnownFileType = wrapper.framework; name = UIKit.framework; path = System/Library/Frameworks/UIKit.framework; sourceTree = SDKROOT; };
		59E3187A14E9CD8700B0FC39 /* Foundation.framework */ = {isa = PBXFileReference; lastKnownFileType = wrapper.framework; name = Foundation.framework; path = System/Library/Frameworks/Foundation.framework; sourceTree = SDKROOT; };
		59E3187C14E9CD8700B0FC39 /* CoreGraphics.framework */ = {isa = PBXFileReference; lastKnownFileType = wrapper.framework; name = CoreGraphics.framework; path = System/Library/Frameworks/CoreGraphics.framework; sourceTree = SDKROOT; };
		59E318AF14E9CDC500B0FC39 /* iPhone Tests.app */ = {isa = PBXFileReference; explicitFileType = wrapper.application; includeInIndex = 0; path = "iPhone Tests.app"; sourceTree = BUILT_PRODUCTS_DIR; };
/* End PBXFileReference section */

/* Begin PBXFrameworksBuildPhase section */
		5914243E14EAFCEE00481815 /* Frameworks */ = {
			isa = PBXFrameworksBuildPhase;
			buildActionMask = 2147483647;
			files = (
				591424C914EB0A9700481815 /* Cocoa.framework in Frameworks */,
				591424C514EB098600481815 /* GHUnit.framework in Frameworks */,
			);
			runOnlyForDeploymentPostprocessing = 0;
		};
		59E318AC14E9CDC500B0FC39 /* Frameworks */ = {
			isa = PBXFrameworksBuildPhase;
			buildActionMask = 2147483647;
			files = (
				59E318B114E9CDC500B0FC39 /* UIKit.framework in Frameworks */,
				59E318B214E9CDC500B0FC39 /* Foundation.framework in Frameworks */,
				59E318B314E9CDC500B0FC39 /* CoreGraphics.framework in Frameworks */,
				5914249614EAFD4100481815 /* GHUnitIOS.framework in Frameworks */,
			);
			runOnlyForDeploymentPostprocessing = 0;
		};
/* End PBXFrameworksBuildPhase section */

/* Begin PBXGroup section */
		5914244514EAFCEF00481815 /* Other Frameworks */ = {
			isa = PBXGroup;
			children = (
				5914244614EAFCEF00481815 /* AppKit.framework */,
				5914244714EAFCEF00481815 /* CoreData.framework */,
				5914244814EAFCEF00481815 /* Foundation.framework */,
			);
			name = "Other Frameworks";
			sourceTree = "<group>";
		};
		5914244914EAFCEF00481815 /* Mac OS Tests */ = {
			isa = PBXGroup;
			children = (
				5914244F14EAFCEF00481815 /* main.m */,
				5914244A14EAFCEF00481815 /* Supporting Files */,
			);
			path = "Mac OS Tests";
			sourceTree = "<group>";
		};
		5914244A14EAFCEF00481815 /* Supporting Files */ = {
			isa = PBXGroup;
			children = (
				5914244B14EAFCEF00481815 /* Mac OS Tests-Info.plist */,
				5914244C14EAFCEF00481815 /* InfoPlist.strings */,
				5914245114EAFCEF00481815 /* Mac OS Tests-Prefix.pch */,
				5914245214EAFCEF00481815 /* Credits.rtf */,
			);
			name = "Supporting Files";
			sourceTree = "<group>";
		};
		5914245E14EAFD0F00481815 /* NSRails Source */ = {
			isa = PBXGroup;
			children = (
				5914245F14EAFD0F00481815 /* Convenience */,
				5914246414EAFD0F00481815 /* JSON */,
				5914246C14EAFD0F00481815 /* NSObject+Properties.h */,
				5914246D14EAFD0F00481815 /* NSObject+Properties.m */,
				5914246E14EAFD0F00481815 /* NSRails.h */,
				5914246F14EAFD0F00481815 /* NSRails.m */,
				5914247014EAFD0F00481815 /* NSRConfig.h */,
				5914247114EAFD0F00481815 /* NSRConfig.m */,
			);
			name = "NSRails Source";
			path = ../source;
			sourceTree = "<group>";
		};
		5914245F14EAFD0F00481815 /* Convenience */ = {
			isa = PBXGroup;
			children = (
				5914246014EAFD0F00481815 /* NSData+Additions.h */,
				5914246114EAFD0F00481815 /* NSData+Additions.m */,
				5914246214EAFD0F00481815 /* NSString+InflectionSupport.h */,
				5914246314EAFD0F00481815 /* NSString+InflectionSupport.m */,
			);
			path = Convenience;
			sourceTree = "<group>";
		};
		5914246414EAFD0F00481815 /* JSON */ = {
			isa = PBXGroup;
			children = (
				5914246514EAFD0F00481815 /* JSONFramework.h */,
				5914246614EAFD0F00481815 /* NSObject+SBJSON.h */,
				5914246714EAFD0F00481815 /* NSObject+SBJSON.m */,
				5914246814EAFD0F00481815 /* NSString+SBJSON.h */,
				5914246914EAFD0F00481815 /* NSString+SBJSON.m */,
				5914246A14EAFD0F00481815 /* SBJSON.h */,
				5914246B14EAFD0F00481815 /* SBJSON.m */,
			);
			path = JSON;
			sourceTree = "<group>";
		};
		5914248214EAFD3200481815 /* iPhone Tests */ = {
			isa = PBXGroup;
			children = (
				5914248814EAFD3200481815 /* main.m */,
				5914249914EAFDF600481815 /* Supporting Files */,
			);
			path = "iPhone Tests";
			sourceTree = "<group>";
		};
		5914249914EAFDF600481815 /* Supporting Files */ = {
			isa = PBXGroup;
			children = (
				591424BD14EB002C00481815 /* iPhone Tests-Info.plist */,
				591424BB14EAFFD200481815 /* iPhone Tests-Prefix.pch */,
				5914248314EAFD3200481815 /* InfoPlist.strings */,
			);
			name = "Supporting Files";
			sourceTree = "<group>";
		};
		591424AD14EAFE7400481815 /* Tests */ = {
			isa = PBXGroup;
			children = (
				59A6822A14F0085F00E4B489 /* NSRAsserts.h */,
				591424AE14EAFF9800481815 /* Universal Tests */,
				5914244914EAFCEF00481815 /* Mac OS Tests */,
				5914248214EAFD3200481815 /* iPhone Tests */,
			);
			name = Tests;
			sourceTree = "<group>";
		};
		591424AE14EAFF9800481815 /* Universal Tests */ = {
			isa = PBXGroup;
			children = (
				591424AF14EAFF9800481815 /* InheritanceTestClasses.h */,
				591424B014EAFF9800481815 /* InheritanceTestClasses.m */,
				591316F414F59B1600D9F13C /* NestingTestClasses.h */,
				591316F514F59B1600D9F13C /* NestingTestClasses.m */,
				591424B114EAFF9800481815 /* TestClass.h */,
				591424B214EAFF9800481815 /* TestClass.m */,
				59A6822614F0080400E4B489 /* InheritanceTests.m */,
				591424B314EAFF9800481815 /* GeneralTests.m */,
			);
			path = "Universal Tests";
			sourceTree = "<group>";
		};
		59E3186914E9CD8700B0FC39 = {
			isa = PBXGroup;
			children = (
				591424AD14EAFE7400481815 /* Tests */,
				5914245E14EAFD0F00481815 /* NSRails Source */,
				59E3187714E9CD8700B0FC39 /* Frameworks */,
				59E3187514E9CD8700B0FC39 /* Products */,
			);
			sourceTree = "<group>";
		};
		59E3187514E9CD8700B0FC39 /* Products */ = {
			isa = PBXGroup;
			children = (
				59E318AF14E9CDC500B0FC39 /* iPhone Tests.app */,
				5914244114EAFCEE00481815 /* Mac OS Tests.app */,
			);
			name = Products;
			sourceTree = "<group>";
		};
		59E3187714E9CD8700B0FC39 /* Frameworks */ = {
			isa = PBXGroup;
			children = (
				591424C414EB098600481815 /* GHUnit.framework */,
				5914249514EAFD4100481815 /* GHUnitIOS.framework */,
				59E3187814E9CD8700B0FC39 /* UIKit.framework */,
				59E3187A14E9CD8700B0FC39 /* Foundation.framework */,
				59E3187C14E9CD8700B0FC39 /* CoreGraphics.framework */,
				591424C814EB0A9700481815 /* Cocoa.framework */,
				5914244514EAFCEF00481815 /* Other Frameworks */,
			);
			name = Frameworks;
			sourceTree = "<group>";
		};
/* End PBXGroup section */

/* Begin PBXNativeTarget section */
		5914244014EAFCEE00481815 /* Mac OS Tests */ = {
			isa = PBXNativeTarget;
			buildConfigurationList = 5914245B14EAFCEF00481815 /* Build configuration list for PBXNativeTarget "Mac OS Tests" */;
			buildPhases = (
				5914243D14EAFCEE00481815 /* Sources */,
				5914243E14EAFCEE00481815 /* Frameworks */,
				5914243F14EAFCEE00481815 /* Resources */,
				591424C614EB0A0300481815 /* CopyFiles */,
			);
			buildRules = (
			);
			dependencies = (
			);
			name = "Mac OS Tests";
			productName = "Mac OS Tests";
			productReference = 5914244114EAFCEE00481815 /* Mac OS Tests.app */;
			productType = "com.apple.product-type.application";
		};
		59E318AE14E9CDC500B0FC39 /* iPhone Tests */ = {
			isa = PBXNativeTarget;
			buildConfigurationList = 59E318C014E9CDC500B0FC39 /* Build configuration list for PBXNativeTarget "iPhone Tests" */;
			buildPhases = (
				59E318AB14E9CDC500B0FC39 /* Sources */,
				59E318AC14E9CDC500B0FC39 /* Frameworks */,
				59E318AD14E9CDC500B0FC39 /* Resources */,
			);
			buildRules = (
			);
			dependencies = (
			);
			name = "iPhone Tests";
			productName = Tests;
			productReference = 59E318AF14E9CDC500B0FC39 /* iPhone Tests.app */;
			productType = "com.apple.product-type.application";
		};
/* End PBXNativeTarget section */

/* Begin PBXProject section */
		59E3186B14E9CD8700B0FC39 /* Project object */ = {
			isa = PBXProject;
			attributes = {
				LastUpgradeCheck = 0420;
			};
			buildConfigurationList = 59E3186E14E9CD8700B0FC39 /* Build configuration list for PBXProject "NSRails" */;
			compatibilityVersion = "Xcode 3.2";
			developmentRegion = English;
			hasScannedForEncodings = 0;
			knownRegions = (
				en,
			);
			mainGroup = 59E3186914E9CD8700B0FC39;
			productRefGroup = 59E3187514E9CD8700B0FC39 /* Products */;
			projectDirPath = "";
			projectRoot = "";
			targets = (
				59E318AE14E9CDC500B0FC39 /* iPhone Tests */,
				5914244014EAFCEE00481815 /* Mac OS Tests */,
			);
		};
/* End PBXProject section */

/* Begin PBXResourcesBuildPhase section */
		5914243F14EAFCEE00481815 /* Resources */ = {
			isa = PBXResourcesBuildPhase;
			buildActionMask = 2147483647;
			files = (
				5914244E14EAFCEF00481815 /* InfoPlist.strings in Resources */,
				5914245414EAFCEF00481815 /* Credits.rtf in Resources */,
			);
			runOnlyForDeploymentPostprocessing = 0;
		};
		59E318AD14E9CDC500B0FC39 /* Resources */ = {
			isa = PBXResourcesBuildPhase;
			buildActionMask = 2147483647;
			files = (
				5914248E14EAFD3200481815 /* InfoPlist.strings in Resources */,
			);
			runOnlyForDeploymentPostprocessing = 0;
		};
/* End PBXResourcesBuildPhase section */

/* Begin PBXSourcesBuildPhase section */
		5914243D14EAFCEE00481815 /* Sources */ = {
			isa = PBXSourcesBuildPhase;
			buildActionMask = 2147483647;
			files = (
				5914245014EAFCEF00481815 /* main.m in Sources */,
				5914247314EAFD0F00481815 /* NSData+Additions.m in Sources */,
				5914247514EAFD0F00481815 /* NSString+InflectionSupport.m in Sources */,
				5914247714EAFD0F00481815 /* NSObject+SBJSON.m in Sources */,
				5914247914EAFD0F00481815 /* NSString+SBJSON.m in Sources */,
				5914247B14EAFD0F00481815 /* SBJSON.m in Sources */,
				5914247D14EAFD0F00481815 /* NSObject+Properties.m in Sources */,
				5914247F14EAFD0F00481815 /* NSRails.m in Sources */,
				5914248114EAFD0F00481815 /* NSRConfig.m in Sources */,
				591424B514EAFF9800481815 /* InheritanceTestClasses.m in Sources */,
				591424B714EAFF9800481815 /* TestClass.m in Sources */,
				591424B914EAFF9800481815 /* GeneralTests.m in Sources */,
				59A6822814F0080400E4B489 /* InheritanceTests.m in Sources */,
				591316F714F59B1600D9F13C /* NestingTestClasses.m in Sources */,
			);
			runOnlyForDeploymentPostprocessing = 0;
		};
		59E318AB14E9CDC500B0FC39 /* Sources */ = {
			isa = PBXSourcesBuildPhase;
			buildActionMask = 2147483647;
			files = (
				5914247214EAFD0F00481815 /* NSData+Additions.m in Sources */,
				5914247414EAFD0F00481815 /* NSString+InflectionSupport.m in Sources */,
				5914247614EAFD0F00481815 /* NSObject+SBJSON.m in Sources */,
				5914247814EAFD0F00481815 /* NSString+SBJSON.m in Sources */,
				5914247A14EAFD0F00481815 /* SBJSON.m in Sources */,
				5914247C14EAFD0F00481815 /* NSObject+Properties.m in Sources */,
				5914247E14EAFD0F00481815 /* NSRails.m in Sources */,
				5914248014EAFD0F00481815 /* NSRConfig.m in Sources */,
				5914249114EAFD3200481815 /* main.m in Sources */,
				591424B414EAFF9800481815 /* InheritanceTestClasses.m in Sources */,
				591424B614EAFF9800481815 /* TestClass.m in Sources */,
				591424B814EAFF9800481815 /* GeneralTests.m in Sources */,
				59A6822714F0080400E4B489 /* InheritanceTests.m in Sources */,
				591316F614F59B1600D9F13C /* NestingTestClasses.m in Sources */,
			);
			runOnlyForDeploymentPostprocessing = 0;
		};
/* End PBXSourcesBuildPhase section */

/* Begin PBXVariantGroup section */
		5914244C14EAFCEF00481815 /* InfoPlist.strings */ = {
			isa = PBXVariantGroup;
			children = (
				5914244D14EAFCEF00481815 /* en */,
			);
			name = InfoPlist.strings;
			sourceTree = "<group>";
		};
		5914245214EAFCEF00481815 /* Credits.rtf */ = {
			isa = PBXVariantGroup;
			children = (
				5914245314EAFCEF00481815 /* en */,
			);
			name = Credits.rtf;
			sourceTree = "<group>";
		};
		5914248314EAFD3200481815 /* InfoPlist.strings */ = {
			isa = PBXVariantGroup;
			children = (
				5914248414EAFD3200481815 /* en */,
			);
			name = InfoPlist.strings;
			sourceTree = "<group>";
		};
/* End PBXVariantGroup section */

/* Begin XCBuildConfiguration section */
		5914245C14EAFCEF00481815 /* Debug */ = {
			isa = XCBuildConfiguration;
			buildSettings = {
				ARCHS = "$(ARCHS_STANDARD_64_BIT)";
				CLANG_ENABLE_OBJC_ARC = NO;
				FRAMEWORK_SEARCH_PATHS = (
					"$(inherited)",
					"\"$(DEVELOPER_FRAMEWORKS_DIR)\"",
					"\"$(SRCROOT)/../../../../Downloads/gabriel-gh-unit-fea526d/Examples/MyTestable-MacOSX/Frameworks\"",
					"\"$(SRCROOT)\"",
					"\"$(SRCROOT)/Mac OS Tests\"",
				);
				GCC_ENABLE_OBJC_EXCEPTIONS = YES;
				GCC_PRECOMPILE_PREFIX_HEADER = YES;
				GCC_PREFIX_HEADER = "Mac OS Tests/Mac OS Tests-Prefix.pch";
				GCC_VERSION = com.apple.compilers.llvm.clang.1_0;
				GCC_WARN_64_TO_32_BIT_CONVERSION = YES;
				GCC_WARN_UNUSED_VARIABLE = NO;
				INFOPLIST_FILE = "Mac OS Tests/Mac OS Tests-Info.plist";
				LD_RUNPATH_SEARCH_PATHS = "@loader_path/../Frameworks";
				MACOSX_DEPLOYMENT_TARGET = 10.6;
				ONLY_ACTIVE_ARCH = YES;
				PRODUCT_NAME = "$(TARGET_NAME)";
				SDKROOT = macosx;
				WRAPPER_EXTENSION = app;
			};
			name = Debug;
		};
		5914245D14EAFCEF00481815 /* Release */ = {
			isa = XCBuildConfiguration;
			buildSettings = {
				ARCHS = "$(ARCHS_STANDARD_64_BIT)";
				CLANG_ENABLE_OBJC_ARC = NO;
				DEBUG_INFORMATION_FORMAT = "dwarf-with-dsym";
				FRAMEWORK_SEARCH_PATHS = (
					"$(inherited)",
					"\"$(DEVELOPER_FRAMEWORKS_DIR)\"",
					"\"$(SRCROOT)/../../../../Downloads/gabriel-gh-unit-fea526d/Examples/MyTestable-MacOSX/Frameworks\"",
					"\"$(SRCROOT)\"",
					"\"$(SRCROOT)/Mac OS Tests\"",
				);
				GCC_ENABLE_OBJC_EXCEPTIONS = YES;
				GCC_PRECOMPILE_PREFIX_HEADER = YES;
				GCC_PREFIX_HEADER = "Mac OS Tests/Mac OS Tests-Prefix.pch";
				GCC_VERSION = com.apple.compilers.llvm.clang.1_0;
				GCC_WARN_64_TO_32_BIT_CONVERSION = YES;
				INFOPLIST_FILE = "Mac OS Tests/Mac OS Tests-Info.plist";
				LD_RUNPATH_SEARCH_PATHS = "@loader_path/../Frameworks";
				MACOSX_DEPLOYMENT_TARGET = 10.6;
				PRODUCT_NAME = "$(TARGET_NAME)";
				SDKROOT = macosx;
				WRAPPER_EXTENSION = app;
			};
			name = Release;
		};
		59E3188A14E9CD8700B0FC39 /* Debug */ = {
			isa = XCBuildConfiguration;
			buildSettings = {
				ALWAYS_SEARCH_USER_PATHS = NO;
				ARCHS = "$(ARCHS_STANDARD_32_BIT)";
				CLANG_ENABLE_OBJC_ARC = YES;
				"CODE_SIGN_IDENTITY[sdk=iphoneos*]" = "iPhone Developer";
				COPY_PHASE_STRIP = NO;
				GCC_C_LANGUAGE_STANDARD = gnu99;
				GCC_DYNAMIC_NO_PIC = NO;
				GCC_OPTIMIZATION_LEVEL = 0;
				GCC_PREPROCESSOR_DEFINITIONS = (
					"DEBUG=1",
					"$(inherited)",
				);
				GCC_SYMBOLS_PRIVATE_EXTERN = NO;
				GCC_VERSION = com.apple.compilers.llvm.clang.1_0;
				GCC_WARN_ABOUT_MISSING_PROTOTYPES = YES;
				GCC_WARN_ABOUT_RETURN_TYPE = YES;
				GCC_WARN_UNUSED_VARIABLE = YES;
				IPHONEOS_DEPLOYMENT_TARGET = 5.0;
				SDKROOT = iphoneos;
			};
			name = Debug;
		};
		59E3188B14E9CD8700B0FC39 /* Release */ = {
			isa = XCBuildConfiguration;
			buildSettings = {
				ALWAYS_SEARCH_USER_PATHS = NO;
				ARCHS = "$(ARCHS_STANDARD_32_BIT)";
				CLANG_ENABLE_OBJC_ARC = YES;
				"CODE_SIGN_IDENTITY[sdk=iphoneos*]" = "iPhone Developer";
				COPY_PHASE_STRIP = YES;
				GCC_C_LANGUAGE_STANDARD = gnu99;
				GCC_VERSION = com.apple.compilers.llvm.clang.1_0;
				GCC_WARN_ABOUT_MISSING_PROTOTYPES = YES;
				GCC_WARN_ABOUT_RETURN_TYPE = YES;
				GCC_WARN_UNUSED_VARIABLE = YES;
				IPHONEOS_DEPLOYMENT_TARGET = 5.0;
				OTHER_CFLAGS = "-DNS_BLOCK_ASSERTIONS=1";
				SDKROOT = iphoneos;
				VALIDATE_PRODUCT = YES;
			};
			name = Release;
		};
		59E318C114E9CDC500B0FC39 /* Debug */ = {
			isa = XCBuildConfiguration;
			buildSettings = {
				"CODE_SIGN_IDENTITY[sdk=iphoneos*]" = "iPhone Developer";
				FRAMEWORK_SEARCH_PATHS = (
					"$(inherited)",
					"\"$(SRCROOT)\"",
					"\"$(SRCROOT)/iPhone Tests\"",
				);
				GCC_PRECOMPILE_PREFIX_HEADER = YES;
				GCC_PREFIX_HEADER = "iPhone Tests/iPhone Tests-Prefix.pch";
				GCC_WARN_UNUSED_VARIABLE = NO;
				INFOPLIST_FILE = "iPhone Tests/iPhone Tests-Info.plist";
				OTHER_LDFLAGS = (
					"-ObjC",
					"-all_load",
				);
				PRODUCT_NAME = "$(TARGET_NAME)";
				WRAPPER_EXTENSION = app;
			};
			name = Debug;
		};
		59E318C214E9CDC500B0FC39 /* Release */ = {
			isa = XCBuildConfiguration;
			buildSettings = {
				"CODE_SIGN_IDENTITY[sdk=iphoneos*]" = "iPhone Developer";
				FRAMEWORK_SEARCH_PATHS = (
					"$(inherited)",
					"\"$(SRCROOT)\"",
					"\"$(SRCROOT)/iPhone Tests\"",
				);
				GCC_PRECOMPILE_PREFIX_HEADER = YES;
				GCC_PREFIX_HEADER = "iPhone Tests/iPhone Tests-Prefix.pch";
				INFOPLIST_FILE = "iPhone Tests/iPhone Tests-Info.plist";
				OTHER_LDFLAGS = (
					"-ObjC",
					"-all_load",
				);
				PRODUCT_NAME = "$(TARGET_NAME)";
				WRAPPER_EXTENSION = app;
			};
			name = Release;
		};
/* End XCBuildConfiguration section */

/* Begin XCConfigurationList section */
		5914245B14EAFCEF00481815 /* Build configuration list for PBXNativeTarget "Mac OS Tests" */ = {
			isa = XCConfigurationList;
			buildConfigurations = (
				5914245C14EAFCEF00481815 /* Debug */,
				5914245D14EAFCEF00481815 /* Release */,
			);
			defaultConfigurationIsVisible = 0;
			defaultConfigurationName = Release;
		};
		59E3186E14E9CD8700B0FC39 /* Build configuration list for PBXProject "NSRails" */ = {
			isa = XCConfigurationList;
			buildConfigurations = (
				59E3188A14E9CD8700B0FC39 /* Debug */,
				59E3188B14E9CD8700B0FC39 /* Release */,
			);
			defaultConfigurationIsVisible = 0;
			defaultConfigurationName = Release;
		};
		59E318C014E9CDC500B0FC39 /* Build configuration list for PBXNativeTarget "iPhone Tests" */ = {
			isa = XCConfigurationList;
			buildConfigurations = (
				59E318C114E9CDC500B0FC39 /* Debug */,
				59E318C214E9CDC500B0FC39 /* Release */,
			);
			defaultConfigurationIsVisible = 0;
			defaultConfigurationName = Release;
		};
/* End XCConfigurationList section */
	};
	rootObject = 59E3186B14E9CD8700B0FC39 /* Project object */;
}
