// !$*UTF8*$!
{
	archiveVersion = 1;
	classes = {
	};
	objectVersion = 46;
	objects = {

/* Begin PBXBuildFile section */
		591F9D171519981500E30253 /* NSData+Additions.m in Sources */ = {isa = PBXBuildFile; fileRef = 591F9CF41519981500E30253 /* NSData+Additions.m */; };
		591F9D181519981500E30253 /* NSObject+Properties.m in Sources */ = {isa = PBXBuildFile; fileRef = 591F9CF61519981500E30253 /* NSObject+Properties.m */; };
		591F9D191519981500E30253 /* NSString+Inflection.m in Sources */ = {isa = PBXBuildFile; fileRef = 591F9CF81519981500E30253 /* NSString+Inflection.m */; };
		591F9D1A1519981500E30253 /* NSRPropertyCollection.m in Sources */ = {isa = PBXBuildFile; fileRef = 591F9CFA1519981500E30253 /* NSRPropertyCollection.m */; };
		591F9D1B1519981500E30253 /* NSObject+SBJson.m in Sources */ = {isa = PBXBuildFile; fileRef = 591F9CFD1519981500E30253 /* NSObject+SBJson.m */; };
		591F9D1C1519981500E30253 /* NSRails+SBJson.m in Sources */ = {isa = PBXBuildFile; fileRef = 591F9CFF1519981500E30253 /* NSRails+SBJson.m */; };
		591F9D1D1519981500E30253 /* SBJsonParser.m in Sources */ = {isa = PBXBuildFile; fileRef = 591F9D021519981500E30253 /* SBJsonParser.m */; };
		591F9D1E1519981500E30253 /* SBJsonStreamParser.m in Sources */ = {isa = PBXBuildFile; fileRef = 591F9D041519981500E30253 /* SBJsonStreamParser.m */; };
		591F9D1F1519981500E30253 /* SBJsonStreamParserAccumulator.m in Sources */ = {isa = PBXBuildFile; fileRef = 591F9D061519981500E30253 /* SBJsonStreamParserAccumulator.m */; };
		591F9D201519981500E30253 /* SBJsonStreamParserAdapter.m in Sources */ = {isa = PBXBuildFile; fileRef = 591F9D081519981500E30253 /* SBJsonStreamParserAdapter.m */; };
		591F9D211519981500E30253 /* SBJsonStreamParserState.m in Sources */ = {isa = PBXBuildFile; fileRef = 591F9D0A1519981500E30253 /* SBJsonStreamParserState.m */; };
		591F9D221519981500E30253 /* SBJsonStreamWriter.m in Sources */ = {isa = PBXBuildFile; fileRef = 591F9D0C1519981500E30253 /* SBJsonStreamWriter.m */; };
		591F9D231519981500E30253 /* SBJsonStreamWriterAccumulator.m in Sources */ = {isa = PBXBuildFile; fileRef = 591F9D0E1519981500E30253 /* SBJsonStreamWriterAccumulator.m */; };
		591F9D241519981500E30253 /* SBJsonStreamWriterState.m in Sources */ = {isa = PBXBuildFile; fileRef = 591F9D101519981500E30253 /* SBJsonStreamWriterState.m */; };
		591F9D251519981500E30253 /* SBJsonTokeniser.m in Sources */ = {isa = PBXBuildFile; fileRef = 591F9D121519981500E30253 /* SBJsonTokeniser.m */; };
		591F9D261519981500E30253 /* SBJsonUTF8Stream.m in Sources */ = {isa = PBXBuildFile; fileRef = 591F9D141519981500E30253 /* SBJsonUTF8Stream.m */; };
		591F9D271519981500E30253 /* SBJsonWriter.m in Sources */ = {isa = PBXBuildFile; fileRef = 591F9D161519981500E30253 /* SBJsonWriter.m */; };
		59D2A88E14F34B1800101C64 /* UIKit.framework in Frameworks */ = {isa = PBXBuildFile; fileRef = 59D2A88D14F34B1800101C64 /* UIKit.framework */; };
		59D2A89014F34B1800101C64 /* Foundation.framework in Frameworks */ = {isa = PBXBuildFile; fileRef = 59D2A88F14F34B1800101C64 /* Foundation.framework */; };
		59D2A89214F34B1800101C64 /* CoreGraphics.framework in Frameworks */ = {isa = PBXBuildFile; fileRef = 59D2A89114F34B1800101C64 /* CoreGraphics.framework */; };
		59D2A89814F34B1800101C64 /* InfoPlist.strings in Resources */ = {isa = PBXBuildFile; fileRef = 59D2A89614F34B1800101C64 /* InfoPlist.strings */; };
		59D2A89A14F34B1800101C64 /* main.m in Sources */ = {isa = PBXBuildFile; fileRef = 59D2A89914F34B1800101C64 /* main.m */; };
		59D2A89E14F34B1800101C64 /* AppDelegate.m in Sources */ = {isa = PBXBuildFile; fileRef = 59D2A89D14F34B1800101C64 /* AppDelegate.m */; };
		59D2A8A114F34B1800101C64 /* PostsViewController.m in Sources */ = {isa = PBXBuildFile; fileRef = 59D2A8A014F34B1800101C64 /* PostsViewController.m */; };
		59D2A8A714F34B1800101C64 /* PostsViewController.xib in Resources */ = {isa = PBXBuildFile; fileRef = 59D2A8A514F34B1800101C64 /* PostsViewController.xib */; };
		59D2A8CE14F34C1D00101C64 /* Post.m in Sources */ = {isa = PBXBuildFile; fileRef = 59D2A8CD14F34C1D00101C64 /* Post.m */; };
		59D2A8D114F3542B00101C64 /* Response.m in Sources */ = {isa = PBXBuildFile; fileRef = 59D2A8D014F3542B00101C64 /* Response.m */; };
		59D2A8D614F3594100101C64 /* InputViewController.xib in Resources */ = {isa = PBXBuildFile; fileRef = 59D2A8D414F3594100101C64 /* InputViewController.xib */; };
		59D2A8DF14F359DA00101C64 /* ResponsesViewController.m in Sources */ = {isa = PBXBuildFile; fileRef = 59D2A8DD14F359DA00101C64 /* ResponsesViewController.m */; };
		59D2A8E014F359DA00101C64 /* ResponsesViewController.xib in Resources */ = {isa = PBXBuildFile; fileRef = 59D2A8DE14F359DA00101C64 /* ResponsesViewController.xib */; };
		59D2A8EA14F3644400101C64 /* QuartzCore.framework in Frameworks */ = {isa = PBXBuildFile; fileRef = 59D2A8E914F3644400101C64 /* QuartzCore.framework */; };
		59D2A90414F459C700101C64 /* InputViewController.m in Sources */ = {isa = PBXBuildFile; fileRef = 59D2A90314F459C700101C64 /* InputViewController.m */; };
		59D2A92914F46C6100101C64 /* NSRails.m in Sources */ = {isa = PBXBuildFile; fileRef = 59D2A92014F46C6100101C64 /* NSRails.m */; };
		59D2A92A14F46C6100101C64 /* NSRConfig.m in Sources */ = {isa = PBXBuildFile; fileRef = 59D2A92214F46C6100101C64 /* NSRConfig.m */; };
/* End PBXBuildFile section */

/* Begin PBXFileReference section */
		591F9CF31519981500E30253 /* NSData+Additions.h */ = {isa = PBXFileReference; fileEncoding = 4; lastKnownFileType = sourcecode.c.h; path = "NSData+Additions.h"; sourceTree = "<group>"; };
		591F9CF41519981500E30253 /* NSData+Additions.m */ = {isa = PBXFileReference; fileEncoding = 4; lastKnownFileType = sourcecode.c.objc; path = "NSData+Additions.m"; sourceTree = "<group>"; };
		591F9CF51519981500E30253 /* NSObject+Properties.h */ = {isa = PBXFileReference; fileEncoding = 4; lastKnownFileType = sourcecode.c.h; path = "NSObject+Properties.h"; sourceTree = "<group>"; };
		591F9CF61519981500E30253 /* NSObject+Properties.m */ = {isa = PBXFileReference; fileEncoding = 4; lastKnownFileType = sourcecode.c.objc; path = "NSObject+Properties.m"; sourceTree = "<group>"; };
		591F9CF71519981500E30253 /* NSString+Inflection.h */ = {isa = PBXFileReference; fileEncoding = 4; lastKnownFileType = sourcecode.c.h; path = "NSString+Inflection.h"; sourceTree = "<group>"; };
		591F9CF81519981500E30253 /* NSString+Inflection.m */ = {isa = PBXFileReference; fileEncoding = 4; lastKnownFileType = sourcecode.c.objc; path = "NSString+Inflection.m"; sourceTree = "<group>"; };
		591F9CF91519981500E30253 /* NSRPropertyCollection.h */ = {isa = PBXFileReference; fileEncoding = 4; lastKnownFileType = sourcecode.c.h; path = NSRPropertyCollection.h; sourceTree = "<group>"; };
		591F9CFA1519981500E30253 /* NSRPropertyCollection.m */ = {isa = PBXFileReference; fileEncoding = 4; lastKnownFileType = sourcecode.c.objc; path = NSRPropertyCollection.m; sourceTree = "<group>"; };
		591F9CFC1519981500E30253 /* NSObject+SBJson.h */ = {isa = PBXFileReference; fileEncoding = 4; lastKnownFileType = sourcecode.c.h; path = "NSObject+SBJson.h"; sourceTree = "<group>"; };
		591F9CFD1519981500E30253 /* NSObject+SBJson.m */ = {isa = PBXFileReference; fileEncoding = 4; lastKnownFileType = sourcecode.c.objc; path = "NSObject+SBJson.m"; sourceTree = "<group>"; };
		591F9CFE1519981500E30253 /* NSRails+SBJson.h */ = {isa = PBXFileReference; fileEncoding = 4; lastKnownFileType = sourcecode.c.h; path = "NSRails+SBJson.h"; sourceTree = "<group>"; };
		591F9CFF1519981500E30253 /* NSRails+SBJson.m */ = {isa = PBXFileReference; fileEncoding = 4; lastKnownFileType = sourcecode.c.objc; path = "NSRails+SBJson.m"; sourceTree = "<group>"; };
		591F9D001519981500E30253 /* SBJson.h */ = {isa = PBXFileReference; fileEncoding = 4; lastKnownFileType = sourcecode.c.h; path = SBJson.h; sourceTree = "<group>"; };
		591F9D011519981500E30253 /* SBJsonParser.h */ = {isa = PBXFileReference; fileEncoding = 4; lastKnownFileType = sourcecode.c.h; path = SBJsonParser.h; sourceTree = "<group>"; };
		591F9D021519981500E30253 /* SBJsonParser.m */ = {isa = PBXFileReference; fileEncoding = 4; lastKnownFileType = sourcecode.c.objc; path = SBJsonParser.m; sourceTree = "<group>"; };
		591F9D031519981500E30253 /* SBJsonStreamParser.h */ = {isa = PBXFileReference; fileEncoding = 4; lastKnownFileType = sourcecode.c.h; path = SBJsonStreamParser.h; sourceTree = "<group>"; };
		591F9D041519981500E30253 /* SBJsonStreamParser.m */ = {isa = PBXFileReference; fileEncoding = 4; lastKnownFileType = sourcecode.c.objc; path = SBJsonStreamParser.m; sourceTree = "<group>"; };
		591F9D051519981500E30253 /* SBJsonStreamParserAccumulator.h */ = {isa = PBXFileReference; fileEncoding = 4; lastKnownFileType = sourcecode.c.h; path = SBJsonStreamParserAccumulator.h; sourceTree = "<group>"; };
		591F9D061519981500E30253 /* SBJsonStreamParserAccumulator.m */ = {isa = PBXFileReference; fileEncoding = 4; lastKnownFileType = sourcecode.c.objc; path = SBJsonStreamParserAccumulator.m; sourceTree = "<group>"; };
		591F9D071519981500E30253 /* SBJsonStreamParserAdapter.h */ = {isa = PBXFileReference; fileEncoding = 4; lastKnownFileType = sourcecode.c.h; path = SBJsonStreamParserAdapter.h; sourceTree = "<group>"; };
		591F9D081519981500E30253 /* SBJsonStreamParserAdapter.m */ = {isa = PBXFileReference; fileEncoding = 4; lastKnownFileType = sourcecode.c.objc; path = SBJsonStreamParserAdapter.m; sourceTree = "<group>"; };
		591F9D091519981500E30253 /* SBJsonStreamParserState.h */ = {isa = PBXFileReference; fileEncoding = 4; lastKnownFileType = sourcecode.c.h; path = SBJsonStreamParserState.h; sourceTree = "<group>"; };
		591F9D0A1519981500E30253 /* SBJsonStreamParserState.m */ = {isa = PBXFileReference; fileEncoding = 4; lastKnownFileType = sourcecode.c.objc; path = SBJsonStreamParserState.m; sourceTree = "<group>"; };
		591F9D0B1519981500E30253 /* SBJsonStreamWriter.h */ = {isa = PBXFileReference; fileEncoding = 4; lastKnownFileType = sourcecode.c.h; path = SBJsonStreamWriter.h; sourceTree = "<group>"; };
		591F9D0C1519981500E30253 /* SBJsonStreamWriter.m */ = {isa = PBXFileReference; fileEncoding = 4; lastKnownFileType = sourcecode.c.objc; path = SBJsonStreamWriter.m; sourceTree = "<group>"; };
		591F9D0D1519981500E30253 /* SBJsonStreamWriterAccumulator.h */ = {isa = PBXFileReference; fileEncoding = 4; lastKnownFileType = sourcecode.c.h; path = SBJsonStreamWriterAccumulator.h; sourceTree = "<group>"; };
		591F9D0E1519981500E30253 /* SBJsonStreamWriterAccumulator.m */ = {isa = PBXFileReference; fileEncoding = 4; lastKnownFileType = sourcecode.c.objc; path = SBJsonStreamWriterAccumulator.m; sourceTree = "<group>"; };
		591F9D0F1519981500E30253 /* SBJsonStreamWriterState.h */ = {isa = PBXFileReference; fileEncoding = 4; lastKnownFileType = sourcecode.c.h; path = SBJsonStreamWriterState.h; sourceTree = "<group>"; };
		591F9D101519981500E30253 /* SBJsonStreamWriterState.m */ = {isa = PBXFileReference; fileEncoding = 4; lastKnownFileType = sourcecode.c.objc; path = SBJsonStreamWriterState.m; sourceTree = "<group>"; };
		591F9D111519981500E30253 /* SBJsonTokeniser.h */ = {isa = PBXFileReference; fileEncoding = 4; lastKnownFileType = sourcecode.c.h; path = SBJsonTokeniser.h; sourceTree = "<group>"; };
		591F9D121519981500E30253 /* SBJsonTokeniser.m */ = {isa = PBXFileReference; fileEncoding = 4; lastKnownFileType = sourcecode.c.objc; path = SBJsonTokeniser.m; sourceTree = "<group>"; };
		591F9D131519981500E30253 /* SBJsonUTF8Stream.h */ = {isa = PBXFileReference; fileEncoding = 4; lastKnownFileType = sourcecode.c.h; path = SBJsonUTF8Stream.h; sourceTree = "<group>"; };
		591F9D141519981500E30253 /* SBJsonUTF8Stream.m */ = {isa = PBXFileReference; fileEncoding = 4; lastKnownFileType = sourcecode.c.objc; path = SBJsonUTF8Stream.m; sourceTree = "<group>"; };
		591F9D151519981500E30253 /* SBJsonWriter.h */ = {isa = PBXFileReference; fileEncoding = 4; lastKnownFileType = sourcecode.c.h; path = SBJsonWriter.h; sourceTree = "<group>"; };
		591F9D161519981500E30253 /* SBJsonWriter.m */ = {isa = PBXFileReference; fileEncoding = 4; lastKnownFileType = sourcecode.c.objc; path = SBJsonWriter.m; sourceTree = "<group>"; };
		59D2A88914F34B1800101C64 /* NSRailsApp.app */ = {isa = PBXFileReference; explicitFileType = wrapper.application; includeInIndex = 0; path = NSRailsApp.app; sourceTree = BUILT_PRODUCTS_DIR; };
		59D2A88D14F34B1800101C64 /* UIKit.framework */ = {isa = PBXFileReference; lastKnownFileType = wrapper.framework; name = UIKit.framework; path = System/Library/Frameworks/UIKit.framework; sourceTree = SDKROOT; };
		59D2A88F14F34B1800101C64 /* Foundation.framework */ = {isa = PBXFileReference; lastKnownFileType = wrapper.framework; name = Foundation.framework; path = System/Library/Frameworks/Foundation.framework; sourceTree = SDKROOT; };
		59D2A89114F34B1800101C64 /* CoreGraphics.framework */ = {isa = PBXFileReference; lastKnownFileType = wrapper.framework; name = CoreGraphics.framework; path = System/Library/Frameworks/CoreGraphics.framework; sourceTree = SDKROOT; };
		59D2A89514F34B1800101C64 /* NSRailsApp-Info.plist */ = {isa = PBXFileReference; lastKnownFileType = text.plist.xml; path = "NSRailsApp-Info.plist"; sourceTree = "<group>"; };
		59D2A89714F34B1800101C64 /* en */ = {isa = PBXFileReference; lastKnownFileType = text.plist.strings; name = en; path = en.lproj/InfoPlist.strings; sourceTree = "<group>"; };
		59D2A89914F34B1800101C64 /* main.m */ = {isa = PBXFileReference; lastKnownFileType = sourcecode.c.objc; path = main.m; sourceTree = "<group>"; };
		59D2A89B14F34B1800101C64 /* NSRailsApp-Prefix.pch */ = {isa = PBXFileReference; lastKnownFileType = sourcecode.c.h; path = "NSRailsApp-Prefix.pch"; sourceTree = "<group>"; };
		59D2A89C14F34B1800101C64 /* AppDelegate.h */ = {isa = PBXFileReference; lastKnownFileType = sourcecode.c.h; path = AppDelegate.h; sourceTree = "<group>"; };
		59D2A89D14F34B1800101C64 /* AppDelegate.m */ = {isa = PBXFileReference; lastKnownFileType = sourcecode.c.objc; path = AppDelegate.m; sourceTree = "<group>"; };
		59D2A89F14F34B1800101C64 /* PostsViewController.h */ = {isa = PBXFileReference; lastKnownFileType = sourcecode.c.h; path = PostsViewController.h; sourceTree = "<group>"; };
		59D2A8A014F34B1800101C64 /* PostsViewController.m */ = {isa = PBXFileReference; lastKnownFileType = sourcecode.c.objc; path = PostsViewController.m; sourceTree = "<group>"; };
		59D2A8A614F34B1800101C64 /* en */ = {isa = PBXFileReference; lastKnownFileType = file.xib; name = en; path = en.lproj/PostsViewController.xib; sourceTree = "<group>"; };
		59D2A8CC14F34C1D00101C64 /* Post.h */ = {isa = PBXFileReference; fileEncoding = 4; lastKnownFileType = sourcecode.c.h; path = Post.h; sourceTree = "<group>"; };
		59D2A8CD14F34C1D00101C64 /* Post.m */ = {isa = PBXFileReference; fileEncoding = 4; lastKnownFileType = sourcecode.c.objc; path = Post.m; sourceTree = "<group>"; };
		59D2A8CF14F3542B00101C64 /* Response.h */ = {isa = PBXFileReference; fileEncoding = 4; lastKnownFileType = sourcecode.c.h; path = Response.h; sourceTree = "<group>"; };
		59D2A8D014F3542B00101C64 /* Response.m */ = {isa = PBXFileReference; fileEncoding = 4; lastKnownFileType = sourcecode.c.objc; path = Response.m; sourceTree = "<group>"; };
		59D2A8D214F3594000101C64 /* InputViewController.h */ = {isa = PBXFileReference; fileEncoding = 4; lastKnownFileType = sourcecode.c.h; path = InputViewController.h; sourceTree = "<group>"; };
		59D2A8D414F3594100101C64 /* InputViewController.xib */ = {isa = PBXFileReference; fileEncoding = 4; lastKnownFileType = file.xib; path = InputViewController.xib; sourceTree = "<group>"; };
		59D2A8DC14F359DA00101C64 /* ResponsesViewController.h */ = {isa = PBXFileReference; fileEncoding = 4; lastKnownFileType = sourcecode.c.h; path = ResponsesViewController.h; sourceTree = "<group>"; };
		59D2A8DD14F359DA00101C64 /* ResponsesViewController.m */ = {isa = PBXFileReference; fileEncoding = 4; lastKnownFileType = sourcecode.c.objc; path = ResponsesViewController.m; sourceTree = "<group>"; };
		59D2A8DE14F359DA00101C64 /* ResponsesViewController.xib */ = {isa = PBXFileReference; fileEncoding = 4; lastKnownFileType = file.xib; path = ResponsesViewController.xib; sourceTree = "<group>"; };
		59D2A8E914F3644400101C64 /* QuartzCore.framework */ = {isa = PBXFileReference; lastKnownFileType = wrapper.framework; name = QuartzCore.framework; path = System/Library/Frameworks/QuartzCore.framework; sourceTree = SDKROOT; };
		59D2A90314F459C700101C64 /* InputViewController.m */ = {isa = PBXFileReference; fileEncoding = 4; lastKnownFileType = sourcecode.c.objc; path = InputViewController.m; sourceTree = "<group>"; };
		59D2A91F14F46C6100101C64 /* NSRails.h */ = {isa = PBXFileReference; fileEncoding = 4; lastKnownFileType = sourcecode.c.h; path = NSRails.h; sourceTree = "<group>"; };
		59D2A92014F46C6100101C64 /* NSRails.m */ = {isa = PBXFileReference; fileEncoding = 4; lastKnownFileType = sourcecode.c.objc; path = NSRails.m; sourceTree = "<group>"; };
		59D2A92114F46C6100101C64 /* NSRConfig.h */ = {isa = PBXFileReference; fileEncoding = 4; lastKnownFileType = sourcecode.c.h; path = NSRConfig.h; sourceTree = "<group>"; };
		59D2A92214F46C6100101C64 /* NSRConfig.m */ = {isa = PBXFileReference; fileEncoding = 4; lastKnownFileType = sourcecode.c.objc; path = NSRConfig.m; sourceTree = "<group>"; };
/* End PBXFileReference section */

/* Begin PBXFrameworksBuildPhase section */
		59D2A88614F34B1800101C64 /* Frameworks */ = {
			isa = PBXFrameworksBuildPhase;
			buildActionMask = 2147483647;
			files = (
				59D2A8EA14F3644400101C64 /* QuartzCore.framework in Frameworks */,
				59D2A88E14F34B1800101C64 /* UIKit.framework in Frameworks */,
				59D2A89014F34B1800101C64 /* Foundation.framework in Frameworks */,
				59D2A89214F34B1800101C64 /* CoreGraphics.framework in Frameworks */,
			);
			runOnlyForDeploymentPostprocessing = 0;
		};
/* End PBXFrameworksBuildPhase section */

/* Begin PBXGroup section */
		591F9CF11519981500E30253 /* Helpers */ = {
			isa = PBXGroup;
			children = (
				591F9CFB1519981500E30253 /* SBJson */,
				591F9CF21519981500E30253 /* Categories */,
				591F9CF91519981500E30253 /* NSRPropertyCollection.h */,
				591F9CFA1519981500E30253 /* NSRPropertyCollection.m */,
			);
			path = Helpers;
			sourceTree = "<group>";
		};
		591F9CF21519981500E30253 /* Categories */ = {
			isa = PBXGroup;
			children = (
				591F9CF31519981500E30253 /* NSData+Additions.h */,
				591F9CF41519981500E30253 /* NSData+Additions.m */,
				591F9CF51519981500E30253 /* NSObject+Properties.h */,
				591F9CF61519981500E30253 /* NSObject+Properties.m */,
				591F9CF71519981500E30253 /* NSString+Inflection.h */,
				591F9CF81519981500E30253 /* NSString+Inflection.m */,
			);
			path = Categories;
			sourceTree = "<group>";
		};
		591F9CFB1519981500E30253 /* SBJson */ = {
			isa = PBXGroup;
			children = (
				591F9CFC1519981500E30253 /* NSObject+SBJson.h */,
				591F9CFD1519981500E30253 /* NSObject+SBJson.m */,
				591F9CFE1519981500E30253 /* NSRails+SBJson.h */,
				591F9CFF1519981500E30253 /* NSRails+SBJson.m */,
				591F9D001519981500E30253 /* SBJson.h */,
				591F9D011519981500E30253 /* SBJsonParser.h */,
				591F9D021519981500E30253 /* SBJsonParser.m */,
				591F9D031519981500E30253 /* SBJsonStreamParser.h */,
				591F9D041519981500E30253 /* SBJsonStreamParser.m */,
				591F9D051519981500E30253 /* SBJsonStreamParserAccumulator.h */,
				591F9D061519981500E30253 /* SBJsonStreamParserAccumulator.m */,
				591F9D071519981500E30253 /* SBJsonStreamParserAdapter.h */,
				591F9D081519981500E30253 /* SBJsonStreamParserAdapter.m */,
				591F9D091519981500E30253 /* SBJsonStreamParserState.h */,
				591F9D0A1519981500E30253 /* SBJsonStreamParserState.m */,
				591F9D0B1519981500E30253 /* SBJsonStreamWriter.h */,
				591F9D0C1519981500E30253 /* SBJsonStreamWriter.m */,
				591F9D0D1519981500E30253 /* SBJsonStreamWriterAccumulator.h */,
				591F9D0E1519981500E30253 /* SBJsonStreamWriterAccumulator.m */,
				591F9D0F1519981500E30253 /* SBJsonStreamWriterState.h */,
				591F9D101519981500E30253 /* SBJsonStreamWriterState.m */,
				591F9D111519981500E30253 /* SBJsonTokeniser.h */,
				591F9D121519981500E30253 /* SBJsonTokeniser.m */,
				591F9D131519981500E30253 /* SBJsonUTF8Stream.h */,
				591F9D141519981500E30253 /* SBJsonUTF8Stream.m */,
				591F9D151519981500E30253 /* SBJsonWriter.h */,
				591F9D161519981500E30253 /* SBJsonWriter.m */,
			);
			path = SBJson;
			sourceTree = "<group>";
		};
		59D2A87E14F34B1800101C64 = {
			isa = PBXGroup;
			children = (
				59D2A89314F34B1800101C64 /* NSRailsApp */,
				59D2A88C14F34B1800101C64 /* Frameworks */,
				59D2A88A14F34B1800101C64 /* Products */,
			);
			sourceTree = "<group>";
		};
		59D2A88A14F34B1800101C64 /* Products */ = {
			isa = PBXGroup;
			children = (
				59D2A88914F34B1800101C64 /* NSRailsApp.app */,
			);
			name = Products;
			sourceTree = "<group>";
		};
		59D2A88C14F34B1800101C64 /* Frameworks */ = {
			isa = PBXGroup;
			children = (
				59D2A90F14F46C6100101C64 /* NSRails */,
				59D2A8E914F3644400101C64 /* QuartzCore.framework */,
				59D2A88D14F34B1800101C64 /* UIKit.framework */,
				59D2A88F14F34B1800101C64 /* Foundation.framework */,
				59D2A89114F34B1800101C64 /* CoreGraphics.framework */,
			);
			name = Frameworks;
			sourceTree = "<group>";
		};
		59D2A89314F34B1800101C64 /* NSRailsApp */ = {
			isa = PBXGroup;
			children = (
				59D2A89C14F34B1800101C64 /* AppDelegate.h */,
				59D2A89D14F34B1800101C64 /* AppDelegate.m */,
				59D2A90214F4598C00101C64 /* Models */,
				59D2A90514F459D100101C64 /* Controllers */,
				59D2A90114F4597F00101C64 /* Views */,
				59D2A89414F34B1800101C64 /* Supporting Files */,
			);
			path = NSRailsApp;
			sourceTree = "<group>";
		};
		59D2A89414F34B1800101C64 /* Supporting Files */ = {
			isa = PBXGroup;
			children = (
				59D2A89514F34B1800101C64 /* NSRailsApp-Info.plist */,
				59D2A89614F34B1800101C64 /* InfoPlist.strings */,
				59D2A89914F34B1800101C64 /* main.m */,
				59D2A89B14F34B1800101C64 /* NSRailsApp-Prefix.pch */,
			);
			name = "Supporting Files";
			sourceTree = "<group>";
		};
		59D2A90114F4597F00101C64 /* Views */ = {
			isa = PBXGroup;
			children = (
				59D2A8A514F34B1800101C64 /* PostsViewController.xib */,
				59D2A8DE14F359DA00101C64 /* ResponsesViewController.xib */,
				59D2A8D414F3594100101C64 /* InputViewController.xib */,
			);
			name = Views;
			sourceTree = "<group>";
		};
		59D2A90214F4598C00101C64 /* Models */ = {
			isa = PBXGroup;
			children = (
				59D2A8CC14F34C1D00101C64 /* Post.h */,
				59D2A8CD14F34C1D00101C64 /* Post.m */,
				59D2A8CF14F3542B00101C64 /* Response.h */,
				59D2A8D014F3542B00101C64 /* Response.m */,
			);
			name = Models;
			sourceTree = "<group>";
		};
		59D2A90514F459D100101C64 /* Controllers */ = {
			isa = PBXGroup;
			children = (
				59D2A89F14F34B1800101C64 /* PostsViewController.h */,
				59D2A8A014F34B1800101C64 /* PostsViewController.m */,
				59D2A8DC14F359DA00101C64 /* ResponsesViewController.h */,
				59D2A8DD14F359DA00101C64 /* ResponsesViewController.m */,
				59D2A8D214F3594000101C64 /* InputViewController.h */,
				59D2A90314F459C700101C64 /* InputViewController.m */,
			);
			name = Controllers;
			sourceTree = "<group>";
		};
		59D2A90F14F46C6100101C64 /* NSRails */ = {
			isa = PBXGroup;
			children = (
				591F9CF11519981500E30253 /* Helpers */,
				59D2A91F14F46C6100101C64 /* NSRails.h */,
				59D2A92014F46C6100101C64 /* NSRails.m */,
				59D2A92114F46C6100101C64 /* NSRConfig.h */,
				59D2A92214F46C6100101C64 /* NSRConfig.m */,
			);
			name = NSRails;
			path = ../../source;
			sourceTree = "<group>";
		};
/* End PBXGroup section */

/* Begin PBXNativeTarget section */
		59D2A88814F34B1800101C64 /* NSRailsApp */ = {
			isa = PBXNativeTarget;
			buildConfigurationList = 59D2A8AD14F34B1800101C64 /* Build configuration list for PBXNativeTarget "NSRailsApp" */;
			buildPhases = (
				59D2A88514F34B1800101C64 /* Sources */,
				59D2A88614F34B1800101C64 /* Frameworks */,
				59D2A88714F34B1800101C64 /* Resources */,
			);
			buildRules = (
			);
			dependencies = (
			);
			name = NSRailsApp;
			productName = NSRailsApp;
			productReference = 59D2A88914F34B1800101C64 /* NSRailsApp.app */;
			productType = "com.apple.product-type.application";
		};
/* End PBXNativeTarget section */

/* Begin PBXProject section */
		59D2A88014F34B1800101C64 /* Project object */ = {
			isa = PBXProject;
			attributes = {
				LastUpgradeCheck = 0420;
				ORGANIZATIONNAME = "InContext LLC";
			};
			buildConfigurationList = 59D2A88314F34B1800101C64 /* Build configuration list for PBXProject "NSRailsApp" */;
			compatibilityVersion = "Xcode 3.2";
			developmentRegion = English;
			hasScannedForEncodings = 0;
			knownRegions = (
				en,
			);
			mainGroup = 59D2A87E14F34B1800101C64;
			productRefGroup = 59D2A88A14F34B1800101C64 /* Products */;
			projectDirPath = "";
			projectRoot = "";
			targets = (
				59D2A88814F34B1800101C64 /* NSRailsApp */,
			);
		};
/* End PBXProject section */

/* Begin PBXResourcesBuildPhase section */
		59D2A88714F34B1800101C64 /* Resources */ = {
			isa = PBXResourcesBuildPhase;
			buildActionMask = 2147483647;
			files = (
				59D2A89814F34B1800101C64 /* InfoPlist.strings in Resources */,
				59D2A8A714F34B1800101C64 /* PostsViewController.xib in Resources */,
				59D2A8D614F3594100101C64 /* InputViewController.xib in Resources */,
				59D2A8E014F359DA00101C64 /* ResponsesViewController.xib in Resources */,
			);
			runOnlyForDeploymentPostprocessing = 0;
		};
/* End PBXResourcesBuildPhase section */

/* Begin PBXSourcesBuildPhase section */
		59D2A88514F34B1800101C64 /* Sources */ = {
			isa = PBXSourcesBuildPhase;
			buildActionMask = 2147483647;
			files = (
				59D2A89A14F34B1800101C64 /* main.m in Sources */,
				59D2A89E14F34B1800101C64 /* AppDelegate.m in Sources */,
				59D2A8A114F34B1800101C64 /* PostsViewController.m in Sources */,
				59D2A8CE14F34C1D00101C64 /* Post.m in Sources */,
				59D2A8D114F3542B00101C64 /* Response.m in Sources */,
				59D2A8DF14F359DA00101C64 /* ResponsesViewController.m in Sources */,
				59D2A90414F459C700101C64 /* InputViewController.m in Sources */,
				59D2A92914F46C6100101C64 /* NSRails.m in Sources */,
				59D2A92A14F46C6100101C64 /* NSRConfig.m in Sources */,
				591F9D171519981500E30253 /* NSData+Additions.m in Sources */,
				591F9D181519981500E30253 /* NSObject+Properties.m in Sources */,
				591F9D191519981500E30253 /* NSString+Inflection.m in Sources */,
				591F9D1A1519981500E30253 /* NSRPropertyCollection.m in Sources */,
				591F9D1B1519981500E30253 /* NSObject+SBJson.m in Sources */,
				591F9D1C1519981500E30253 /* NSRails+SBJson.m in Sources */,
				591F9D1D1519981500E30253 /* SBJsonParser.m in Sources */,
				591F9D1E1519981500E30253 /* SBJsonStreamParser.m in Sources */,
				591F9D1F1519981500E30253 /* SBJsonStreamParserAccumulator.m in Sources */,
				591F9D201519981500E30253 /* SBJsonStreamParserAdapter.m in Sources */,
				591F9D211519981500E30253 /* SBJsonStreamParserState.m in Sources */,
				591F9D221519981500E30253 /* SBJsonStreamWriter.m in Sources */,
				591F9D231519981500E30253 /* SBJsonStreamWriterAccumulator.m in Sources */,
				591F9D241519981500E30253 /* SBJsonStreamWriterState.m in Sources */,
				591F9D251519981500E30253 /* SBJsonTokeniser.m in Sources */,
				591F9D261519981500E30253 /* SBJsonUTF8Stream.m in Sources */,
				591F9D271519981500E30253 /* SBJsonWriter.m in Sources */,
			);
			runOnlyForDeploymentPostprocessing = 0;
		};
/* End PBXSourcesBuildPhase section */

/* Begin PBXVariantGroup section */
		59D2A89614F34B1800101C64 /* InfoPlist.strings */ = {
			isa = PBXVariantGroup;
			children = (
				59D2A89714F34B1800101C64 /* en */,
			);
			name = InfoPlist.strings;
			sourceTree = "<group>";
		};
		59D2A8A514F34B1800101C64 /* PostsViewController.xib */ = {
			isa = PBXVariantGroup;
			children = (
				59D2A8A614F34B1800101C64 /* en */,
			);
			name = PostsViewController.xib;
			sourceTree = "<group>";
		};
/* End PBXVariantGroup section */

/* Begin XCBuildConfiguration section */
		59D2A8AB14F34B1800101C64 /* Debug */ = {
			isa = XCBuildConfiguration;
			buildSettings = {
				ALWAYS_SEARCH_USER_PATHS = NO;
				ARCHS = "$(ARCHS_STANDARD_32_BIT)";
				CLANG_ENABLE_OBJC_ARC = YES;
				"CODE_SIGN_IDENTITY[sdk=iphoneos*]" = "iPhone Developer";
				COPY_PHASE_STRIP = NO;
				GCC_C_LANGUAGE_STANDARD = gnu99;
				GCC_DYNAMIC_NO_PIC = NO;
				GCC_OPTIMIZATION_LEVEL = 0;
				GCC_PREPROCESSOR_DEFINITIONS = (
					"DEBUG=1",
					"$(inherited)",
				);
				GCC_SYMBOLS_PRIVATE_EXTERN = NO;
				GCC_VERSION = com.apple.compilers.llvm.clang.1_0;
				GCC_WARN_ABOUT_MISSING_PROTOTYPES = YES;
				GCC_WARN_ABOUT_RETURN_TYPE = YES;
				GCC_WARN_UNUSED_VARIABLE = YES;
				IPHONEOS_DEPLOYMENT_TARGET = 5.0;
				SDKROOT = iphoneos;
			};
			name = Debug;
		};
		59D2A8AC14F34B1800101C64 /* Release */ = {
			isa = XCBuildConfiguration;
			buildSettings = {
				ALWAYS_SEARCH_USER_PATHS = NO;
				ARCHS = "$(ARCHS_STANDARD_32_BIT)";
				CLANG_ENABLE_OBJC_ARC = YES;
				"CODE_SIGN_IDENTITY[sdk=iphoneos*]" = "iPhone Developer";
				COPY_PHASE_STRIP = YES;
				GCC_C_LANGUAGE_STANDARD = gnu99;
				GCC_VERSION = com.apple.compilers.llvm.clang.1_0;
				GCC_WARN_ABOUT_MISSING_PROTOTYPES = YES;
				GCC_WARN_ABOUT_RETURN_TYPE = YES;
				GCC_WARN_UNUSED_VARIABLE = YES;
				IPHONEOS_DEPLOYMENT_TARGET = 5.0;
				OTHER_CFLAGS = "-DNS_BLOCK_ASSERTIONS=1";
				SDKROOT = iphoneos;
				VALIDATE_PRODUCT = YES;
			};
			name = Release;
		};
		59D2A8AE14F34B1800101C64 /* Debug */ = {
			isa = XCBuildConfiguration;
			buildSettings = {
				GCC_PRECOMPILE_PREFIX_HEADER = YES;
				GCC_PREFIX_HEADER = "NSRailsApp/NSRailsApp-Prefix.pch";
				INFOPLIST_FILE = "NSRailsApp/NSRailsApp-Info.plist";
				PRODUCT_NAME = "$(TARGET_NAME)";
				WRAPPER_EXTENSION = app;
			};
			name = Debug;
		};
		59D2A8AF14F34B1800101C64 /* Release */ = {
			isa = XCBuildConfiguration;
			buildSettings = {
				GCC_PRECOMPILE_PREFIX_HEADER = YES;
				GCC_PREFIX_HEADER = "NSRailsApp/NSRailsApp-Prefix.pch";
				INFOPLIST_FILE = "NSRailsApp/NSRailsApp-Info.plist";
				PRODUCT_NAME = "$(TARGET_NAME)";
				WRAPPER_EXTENSION = app;
			};
			name = Release;
		};
/* End XCBuildConfiguration section */

/* Begin XCConfigurationList section */
		59D2A88314F34B1800101C64 /* Build configuration list for PBXProject "NSRailsApp" */ = {
			isa = XCConfigurationList;
			buildConfigurations = (
				59D2A8AB14F34B1800101C64 /* Debug */,
				59D2A8AC14F34B1800101C64 /* Release */,
			);
			defaultConfigurationIsVisible = 0;
			defaultConfigurationName = Release;
		};
		59D2A8AD14F34B1800101C64 /* Build configuration list for PBXNativeTarget "NSRailsApp" */ = {
			isa = XCConfigurationList;
			buildConfigurations = (
				59D2A8AE14F34B1800101C64 /* Debug */,
				59D2A8AF14F34B1800101C64 /* Release */,
			);
			defaultConfigurationIsVisible = 0;
			defaultConfigurationName = Release;
		};
/* End XCConfigurationList section */
	};
	rootObject = 59D2A88014F34B1800101C64 /* Project object */;
}
