// !$*UTF8*$!
{
	archiveVersion = 1;
	classes = {
	};
	objectVersion = 46;
	objects = {

/* Begin PBXBuildFile section */
		5914247E14EAFD0F00481815 /* NSRails.m in Sources */ = {isa = PBXBuildFile; fileRef = 5914246F14EAFD0F00481815 /* NSRails.m */; };
		5914247F14EAFD0F00481815 /* NSRails.m in Sources */ = {isa = PBXBuildFile; fileRef = 5914246F14EAFD0F00481815 /* NSRails.m */; };
		5914248014EAFD0F00481815 /* NSRConfig.m in Sources */ = {isa = PBXBuildFile; fileRef = 5914247114EAFD0F00481815 /* NSRConfig.m */; };
		5914248114EAFD0F00481815 /* NSRConfig.m in Sources */ = {isa = PBXBuildFile; fileRef = 5914247114EAFD0F00481815 /* NSRConfig.m */; };
		591F9D541519983300E30253 /* NSData+Additions.m in Sources */ = {isa = PBXBuildFile; fileRef = 591F9D311519983300E30253 /* NSData+Additions.m */; };
		591F9D551519983300E30253 /* NSData+Additions.m in Sources */ = {isa = PBXBuildFile; fileRef = 591F9D311519983300E30253 /* NSData+Additions.m */; };
		591F9D561519983300E30253 /* NSObject+Properties.m in Sources */ = {isa = PBXBuildFile; fileRef = 591F9D331519983300E30253 /* NSObject+Properties.m */; };
		591F9D571519983300E30253 /* NSObject+Properties.m in Sources */ = {isa = PBXBuildFile; fileRef = 591F9D331519983300E30253 /* NSObject+Properties.m */; };
		591F9D581519983300E30253 /* NSString+Inflection.m in Sources */ = {isa = PBXBuildFile; fileRef = 591F9D351519983300E30253 /* NSString+Inflection.m */; };
		591F9D591519983300E30253 /* NSString+Inflection.m in Sources */ = {isa = PBXBuildFile; fileRef = 591F9D351519983300E30253 /* NSString+Inflection.m */; };
		591F9D5A1519983300E30253 /* NSRPropertyCollection.m in Sources */ = {isa = PBXBuildFile; fileRef = 591F9D371519983300E30253 /* NSRPropertyCollection.m */; };
		591F9D5B1519983300E30253 /* NSRPropertyCollection.m in Sources */ = {isa = PBXBuildFile; fileRef = 591F9D371519983300E30253 /* NSRPropertyCollection.m */; };
		591F9D5C1519983300E30253 /* NSObject+SBJson.m in Sources */ = {isa = PBXBuildFile; fileRef = 591F9D3A1519983300E30253 /* NSObject+SBJson.m */; };
		591F9D5D1519983300E30253 /* NSObject+SBJson.m in Sources */ = {isa = PBXBuildFile; fileRef = 591F9D3A1519983300E30253 /* NSObject+SBJson.m */; };
		591F9D5E1519983300E30253 /* NSRails+SBJson.m in Sources */ = {isa = PBXBuildFile; fileRef = 591F9D3C1519983300E30253 /* NSRails+SBJson.m */; };
		591F9D5F1519983300E30253 /* NSRails+SBJson.m in Sources */ = {isa = PBXBuildFile; fileRef = 591F9D3C1519983300E30253 /* NSRails+SBJson.m */; };
		591F9D601519983300E30253 /* SBJsonParser.m in Sources */ = {isa = PBXBuildFile; fileRef = 591F9D3F1519983300E30253 /* SBJsonParser.m */; };
		591F9D611519983300E30253 /* SBJsonParser.m in Sources */ = {isa = PBXBuildFile; fileRef = 591F9D3F1519983300E30253 /* SBJsonParser.m */; };
		591F9D621519983300E30253 /* SBJsonStreamParser.m in Sources */ = {isa = PBXBuildFile; fileRef = 591F9D411519983300E30253 /* SBJsonStreamParser.m */; };
		591F9D631519983300E30253 /* SBJsonStreamParser.m in Sources */ = {isa = PBXBuildFile; fileRef = 591F9D411519983300E30253 /* SBJsonStreamParser.m */; };
		591F9D641519983300E30253 /* SBJsonStreamParserAccumulator.m in Sources */ = {isa = PBXBuildFile; fileRef = 591F9D431519983300E30253 /* SBJsonStreamParserAccumulator.m */; };
		591F9D651519983300E30253 /* SBJsonStreamParserAccumulator.m in Sources */ = {isa = PBXBuildFile; fileRef = 591F9D431519983300E30253 /* SBJsonStreamParserAccumulator.m */; };
		591F9D661519983300E30253 /* SBJsonStreamParserAdapter.m in Sources */ = {isa = PBXBuildFile; fileRef = 591F9D451519983300E30253 /* SBJsonStreamParserAdapter.m */; };
		591F9D671519983300E30253 /* SBJsonStreamParserAdapter.m in Sources */ = {isa = PBXBuildFile; fileRef = 591F9D451519983300E30253 /* SBJsonStreamParserAdapter.m */; };
		591F9D681519983300E30253 /* SBJsonStreamParserState.m in Sources */ = {isa = PBXBuildFile; fileRef = 591F9D471519983300E30253 /* SBJsonStreamParserState.m */; };
		591F9D691519983300E30253 /* SBJsonStreamParserState.m in Sources */ = {isa = PBXBuildFile; fileRef = 591F9D471519983300E30253 /* SBJsonStreamParserState.m */; };
		591F9D6A1519983300E30253 /* SBJsonStreamWriter.m in Sources */ = {isa = PBXBuildFile; fileRef = 591F9D491519983300E30253 /* SBJsonStreamWriter.m */; };
		591F9D6B1519983300E30253 /* SBJsonStreamWriter.m in Sources */ = {isa = PBXBuildFile; fileRef = 591F9D491519983300E30253 /* SBJsonStreamWriter.m */; };
		591F9D6C1519983300E30253 /* SBJsonStreamWriterAccumulator.m in Sources */ = {isa = PBXBuildFile; fileRef = 591F9D4B1519983300E30253 /* SBJsonStreamWriterAccumulator.m */; };
		591F9D6D1519983300E30253 /* SBJsonStreamWriterAccumulator.m in Sources */ = {isa = PBXBuildFile; fileRef = 591F9D4B1519983300E30253 /* SBJsonStreamWriterAccumulator.m */; };
		591F9D6E1519983300E30253 /* SBJsonStreamWriterState.m in Sources */ = {isa = PBXBuildFile; fileRef = 591F9D4D1519983300E30253 /* SBJsonStreamWriterState.m */; };
		591F9D6F1519983300E30253 /* SBJsonStreamWriterState.m in Sources */ = {isa = PBXBuildFile; fileRef = 591F9D4D1519983300E30253 /* SBJsonStreamWriterState.m */; };
		591F9D701519983300E30253 /* SBJsonTokeniser.m in Sources */ = {isa = PBXBuildFile; fileRef = 591F9D4F1519983300E30253 /* SBJsonTokeniser.m */; };
		591F9D711519983300E30253 /* SBJsonTokeniser.m in Sources */ = {isa = PBXBuildFile; fileRef = 591F9D4F1519983300E30253 /* SBJsonTokeniser.m */; };
		591F9D721519983300E30253 /* SBJsonUTF8Stream.m in Sources */ = {isa = PBXBuildFile; fileRef = 591F9D511519983300E30253 /* SBJsonUTF8Stream.m */; };
		591F9D731519983300E30253 /* SBJsonUTF8Stream.m in Sources */ = {isa = PBXBuildFile; fileRef = 591F9D511519983300E30253 /* SBJsonUTF8Stream.m */; };
		591F9D741519983300E30253 /* SBJsonWriter.m in Sources */ = {isa = PBXBuildFile; fileRef = 591F9D531519983300E30253 /* SBJsonWriter.m */; };
		591F9D751519983300E30253 /* SBJsonWriter.m in Sources */ = {isa = PBXBuildFile; fileRef = 591F9D531519983300E30253 /* SBJsonWriter.m */; };
		59B58E751538AD0300DF8835 /* GHUnitIOS.framework in Frameworks */ = {isa = PBXBuildFile; fileRef = 59B58E711538AD0300DF8835 /* GHUnitIOS.framework */; };
		59B58E771538AD0300DF8835 /* main.m in Sources */ = {isa = PBXBuildFile; fileRef = 59B58E741538AD0300DF8835 /* main.m */; };
		59B58E7D1538AD0A00DF8835 /* GHUnit.framework in Frameworks */ = {isa = PBXBuildFile; fileRef = 59B58E791538AD0A00DF8835 /* GHUnit.framework */; };
		59B58E7F1538AD0A00DF8835 /* main.m in Sources */ = {isa = PBXBuildFile; fileRef = 59B58E7C1538AD0A00DF8835 /* main.m */; };
		59B58E821538AD4500DF8835 /* GHUnitIOS.framework in CopyFiles */ = {isa = PBXBuildFile; fileRef = 59B58E711538AD0300DF8835 /* GHUnitIOS.framework */; };
		59B58E831538AD4E00DF8835 /* GHUnit.framework in CopyFiles */ = {isa = PBXBuildFile; fileRef = 59B58E791538AD0A00DF8835 /* GHUnit.framework */; };
		59D16342153880F90039BA21 /* GeneralTests.m in Sources */ = {isa = PBXBuildFile; fileRef = 59D16339153880F90039BA21 /* GeneralTests.m */; };
		59D16343153880F90039BA21 /* GeneralTests.m in Sources */ = {isa = PBXBuildFile; fileRef = 59D16339153880F90039BA21 /* GeneralTests.m */; };
		59D16344153880F90039BA21 /* InheritanceTestClasses.m in Sources */ = {isa = PBXBuildFile; fileRef = 59D1633B153880F90039BA21 /* InheritanceTestClasses.m */; };
		59D16345153880F90039BA21 /* InheritanceTestClasses.m in Sources */ = {isa = PBXBuildFile; fileRef = 59D1633B153880F90039BA21 /* InheritanceTestClasses.m */; };
		59D16346153880F90039BA21 /* InheritanceTests.m in Sources */ = {isa = PBXBuildFile; fileRef = 59D1633C153880F90039BA21 /* InheritanceTests.m */; };
		59D16347153880F90039BA21 /* InheritanceTests.m in Sources */ = {isa = PBXBuildFile; fileRef = 59D1633C153880F90039BA21 /* InheritanceTests.m */; };
		59D16348153880F90039BA21 /* NestingTestClasses.m in Sources */ = {isa = PBXBuildFile; fileRef = 59D1633E153880F90039BA21 /* NestingTestClasses.m */; };
		59D16349153880F90039BA21 /* NestingTestClasses.m in Sources */ = {isa = PBXBuildFile; fileRef = 59D1633E153880F90039BA21 /* NestingTestClasses.m */; };
		59D1634A153880F90039BA21 /* TestClasses.m in Sources */ = {isa = PBXBuildFile; fileRef = 59D16341153880F90039BA21 /* TestClasses.m */; };
		59D1634B153880F90039BA21 /* TestClasses.m in Sources */ = {isa = PBXBuildFile; fileRef = 59D16341153880F90039BA21 /* TestClasses.m */; };
		59D16359153883430039BA21 /* Cocoa.framework in Frameworks */ = {isa = PBXBuildFile; fileRef = 59D16358153883420039BA21 /* Cocoa.framework */; };
		59E318B114E9CDC500B0FC39 /* UIKit.framework in Frameworks */ = {isa = PBXBuildFile; fileRef = 59E3187814E9CD8700B0FC39 /* UIKit.framework */; };
		59E318B214E9CDC500B0FC39 /* Foundation.framework in Frameworks */ = {isa = PBXBuildFile; fileRef = 59E3187A14E9CD8700B0FC39 /* Foundation.framework */; };
		59E318B314E9CDC500B0FC39 /* CoreGraphics.framework in Frameworks */ = {isa = PBXBuildFile; fileRef = 59E3187C14E9CD8700B0FC39 /* CoreGraphics.framework */; };
/* End PBXBuildFile section */

/* Begin PBXCopyFilesBuildPhase section */
		591424C614EB0A0300481815 /* CopyFiles */ = {
			isa = PBXCopyFilesBuildPhase;
			buildActionMask = 2147483647;
			dstPath = "";
			dstSubfolderSpec = 10;
			files = (
				59B58E831538AD4E00DF8835 /* GHUnit.framework in CopyFiles */,
			);
			runOnlyForDeploymentPostprocessing = 0;
		};
		59B58E811538AD4100DF8835 /* CopyFiles */ = {
			isa = PBXCopyFilesBuildPhase;
			buildActionMask = 2147483647;
			dstPath = "";
			dstSubfolderSpec = 10;
			files = (
				59B58E821538AD4500DF8835 /* GHUnitIOS.framework in CopyFiles */,
			);
			runOnlyForDeploymentPostprocessing = 0;
		};
/* End PBXCopyFilesBuildPhase section */

/* Begin PBXFileReference section */
		5914244114EAFCEE00481815 /* Mac OS Tests.app */ = {isa = PBXFileReference; explicitFileType = wrapper.application; includeInIndex = 0; path = "Mac OS Tests.app"; sourceTree = BUILT_PRODUCTS_DIR; };
		5914246E14EAFD0F00481815 /* NSRails.h */ = {isa = PBXFileReference; fileEncoding = 4; lastKnownFileType = sourcecode.c.h; path = NSRails.h; sourceTree = "<group>"; };
		5914246F14EAFD0F00481815 /* NSRails.m */ = {isa = PBXFileReference; fileEncoding = 4; lastKnownFileType = sourcecode.c.objc; path = NSRails.m; sourceTree = "<group>"; };
		5914247014EAFD0F00481815 /* NSRConfig.h */ = {isa = PBXFileReference; fileEncoding = 4; lastKnownFileType = sourcecode.c.h; path = NSRConfig.h; sourceTree = "<group>"; };
		5914247114EAFD0F00481815 /* NSRConfig.m */ = {isa = PBXFileReference; fileEncoding = 4; lastKnownFileType = sourcecode.c.objc; path = NSRConfig.m; sourceTree = "<group>"; };
		591F9D301519983300E30253 /* NSData+Additions.h */ = {isa = PBXFileReference; fileEncoding = 4; lastKnownFileType = sourcecode.c.h; path = "NSData+Additions.h"; sourceTree = "<group>"; };
		591F9D311519983300E30253 /* NSData+Additions.m */ = {isa = PBXFileReference; fileEncoding = 4; lastKnownFileType = sourcecode.c.objc; path = "NSData+Additions.m"; sourceTree = "<group>"; };
		591F9D321519983300E30253 /* NSObject+Properties.h */ = {isa = PBXFileReference; fileEncoding = 4; lastKnownFileType = sourcecode.c.h; path = "NSObject+Properties.h"; sourceTree = "<group>"; };
		591F9D331519983300E30253 /* NSObject+Properties.m */ = {isa = PBXFileReference; fileEncoding = 4; lastKnownFileType = sourcecode.c.objc; path = "NSObject+Properties.m"; sourceTree = "<group>"; };
		591F9D341519983300E30253 /* NSString+Inflection.h */ = {isa = PBXFileReference; fileEncoding = 4; lastKnownFileType = sourcecode.c.h; path = "NSString+Inflection.h"; sourceTree = "<group>"; };
		591F9D351519983300E30253 /* NSString+Inflection.m */ = {isa = PBXFileReference; fileEncoding = 4; lastKnownFileType = sourcecode.c.objc; path = "NSString+Inflection.m"; sourceTree = "<group>"; };
		591F9D361519983300E30253 /* NSRPropertyCollection.h */ = {isa = PBXFileReference; fileEncoding = 4; lastKnownFileType = sourcecode.c.h; path = NSRPropertyCollection.h; sourceTree = "<group>"; };
		591F9D371519983300E30253 /* NSRPropertyCollection.m */ = {isa = PBXFileReference; fileEncoding = 4; lastKnownFileType = sourcecode.c.objc; path = NSRPropertyCollection.m; sourceTree = "<group>"; };
		591F9D391519983300E30253 /* NSObject+SBJson.h */ = {isa = PBXFileReference; fileEncoding = 4; lastKnownFileType = sourcecode.c.h; path = "NSObject+SBJson.h"; sourceTree = "<group>"; };
		591F9D3A1519983300E30253 /* NSObject+SBJson.m */ = {isa = PBXFileReference; fileEncoding = 4; lastKnownFileType = sourcecode.c.objc; path = "NSObject+SBJson.m"; sourceTree = "<group>"; };
		591F9D3B1519983300E30253 /* NSRails+SBJson.h */ = {isa = PBXFileReference; fileEncoding = 4; lastKnownFileType = sourcecode.c.h; path = "NSRails+SBJson.h"; sourceTree = "<group>"; };
		591F9D3C1519983300E30253 /* NSRails+SBJson.m */ = {isa = PBXFileReference; fileEncoding = 4; lastKnownFileType = sourcecode.c.objc; path = "NSRails+SBJson.m"; sourceTree = "<group>"; };
		591F9D3D1519983300E30253 /* SBJson.h */ = {isa = PBXFileReference; fileEncoding = 4; lastKnownFileType = sourcecode.c.h; path = SBJson.h; sourceTree = "<group>"; };
		591F9D3E1519983300E30253 /* SBJsonParser.h */ = {isa = PBXFileReference; fileEncoding = 4; lastKnownFileType = sourcecode.c.h; path = SBJsonParser.h; sourceTree = "<group>"; };
		591F9D3F1519983300E30253 /* SBJsonParser.m */ = {isa = PBXFileReference; fileEncoding = 4; lastKnownFileType = sourcecode.c.objc; path = SBJsonParser.m; sourceTree = "<group>"; };
		591F9D401519983300E30253 /* SBJsonStreamParser.h */ = {isa = PBXFileReference; fileEncoding = 4; lastKnownFileType = sourcecode.c.h; path = SBJsonStreamParser.h; sourceTree = "<group>"; };
		591F9D411519983300E30253 /* SBJsonStreamParser.m */ = {isa = PBXFileReference; fileEncoding = 4; lastKnownFileType = sourcecode.c.objc; path = SBJsonStreamParser.m; sourceTree = "<group>"; };
		591F9D421519983300E30253 /* SBJsonStreamParserAccumulator.h */ = {isa = PBXFileReference; fileEncoding = 4; lastKnownFileType = sourcecode.c.h; path = SBJsonStreamParserAccumulator.h; sourceTree = "<group>"; };
		591F9D431519983300E30253 /* SBJsonStreamParserAccumulator.m */ = {isa = PBXFileReference; fileEncoding = 4; lastKnownFileType = sourcecode.c.objc; path = SBJsonStreamParserAccumulator.m; sourceTree = "<group>"; };
		591F9D441519983300E30253 /* SBJsonStreamParserAdapter.h */ = {isa = PBXFileReference; fileEncoding = 4; lastKnownFileType = sourcecode.c.h; path = SBJsonStreamParserAdapter.h; sourceTree = "<group>"; };
		591F9D451519983300E30253 /* SBJsonStreamParserAdapter.m */ = {isa = PBXFileReference; fileEncoding = 4; lastKnownFileType = sourcecode.c.objc; path = SBJsonStreamParserAdapter.m; sourceTree = "<group>"; };
		591F9D461519983300E30253 /* SBJsonStreamParserState.h */ = {isa = PBXFileReference; fileEncoding = 4; lastKnownFileType = sourcecode.c.h; path = SBJsonStreamParserState.h; sourceTree = "<group>"; };
		591F9D471519983300E30253 /* SBJsonStreamParserState.m */ = {isa = PBXFileReference; fileEncoding = 4; lastKnownFileType = sourcecode.c.objc; path = SBJsonStreamParserState.m; sourceTree = "<group>"; };
		591F9D481519983300E30253 /* SBJsonStreamWriter.h */ = {isa = PBXFileReference; fileEncoding = 4; lastKnownFileType = sourcecode.c.h; path = SBJsonStreamWriter.h; sourceTree = "<group>"; };
		591F9D491519983300E30253 /* SBJsonStreamWriter.m */ = {isa = PBXFileReference; fileEncoding = 4; lastKnownFileType = sourcecode.c.objc; path = SBJsonStreamWriter.m; sourceTree = "<group>"; };
		591F9D4A1519983300E30253 /* SBJsonStreamWriterAccumulator.h */ = {isa = PBXFileReference; fileEncoding = 4; lastKnownFileType = sourcecode.c.h; path = SBJsonStreamWriterAccumulator.h; sourceTree = "<group>"; };
		591F9D4B1519983300E30253 /* SBJsonStreamWriterAccumulator.m */ = {isa = PBXFileReference; fileEncoding = 4; lastKnownFileType = sourcecode.c.objc; path = SBJsonStreamWriterAccumulator.m; sourceTree = "<group>"; };
		591F9D4C1519983300E30253 /* SBJsonStreamWriterState.h */ = {isa = PBXFileReference; fileEncoding = 4; lastKnownFileType = sourcecode.c.h; path = SBJsonStreamWriterState.h; sourceTree = "<group>"; };
		591F9D4D1519983300E30253 /* SBJsonStreamWriterState.m */ = {isa = PBXFileReference; fileEncoding = 4; lastKnownFileType = sourcecode.c.objc; path = SBJsonStreamWriterState.m; sourceTree = "<group>"; };
		591F9D4E1519983300E30253 /* SBJsonTokeniser.h */ = {isa = PBXFileReference; fileEncoding = 4; lastKnownFileType = sourcecode.c.h; path = SBJsonTokeniser.h; sourceTree = "<group>"; };
		591F9D4F1519983300E30253 /* SBJsonTokeniser.m */ = {isa = PBXFileReference; fileEncoding = 4; lastKnownFileType = sourcecode.c.objc; path = SBJsonTokeniser.m; sourceTree = "<group>"; };
		591F9D501519983300E30253 /* SBJsonUTF8Stream.h */ = {isa = PBXFileReference; fileEncoding = 4; lastKnownFileType = sourcecode.c.h; path = SBJsonUTF8Stream.h; sourceTree = "<group>"; };
		591F9D511519983300E30253 /* SBJsonUTF8Stream.m */ = {isa = PBXFileReference; fileEncoding = 4; lastKnownFileType = sourcecode.c.objc; path = SBJsonUTF8Stream.m; sourceTree = "<group>"; };
		591F9D521519983300E30253 /* SBJsonWriter.h */ = {isa = PBXFileReference; fileEncoding = 4; lastKnownFileType = sourcecode.c.h; path = SBJsonWriter.h; sourceTree = "<group>"; };
		591F9D531519983300E30253 /* SBJsonWriter.m */ = {isa = PBXFileReference; fileEncoding = 4; lastKnownFileType = sourcecode.c.objc; path = SBJsonWriter.m; sourceTree = "<group>"; };
		59B58E5D1538943E00DF8835 /* readme.md */ = {isa = PBXFileReference; lastKnownFileType = text; path = readme.md; sourceTree = "<group>"; };
		59B58E711538AD0300DF8835 /* GHUnitIOS.framework */ = {isa = PBXFileReference; lastKnownFileType = wrapper.framework; path = GHUnitIOS.framework; sourceTree = "<group>"; };
		59B58E721538AD0300DF8835 /* iPhone Tests-Info.plist */ = {isa = PBXFileReference; fileEncoding = 4; lastKnownFileType = text.plist.xml; path = "iPhone Tests-Info.plist"; sourceTree = "<group>"; };
		59B58E731538AD0300DF8835 /* iPhone Tests-Prefix.pch */ = {isa = PBXFileReference; fileEncoding = 4; lastKnownFileType = sourcecode.c.h; path = "iPhone Tests-Prefix.pch"; sourceTree = "<group>"; };
		59B58E741538AD0300DF8835 /* main.m */ = {isa = PBXFileReference; fileEncoding = 4; lastKnownFileType = sourcecode.c.objc; path = main.m; sourceTree = "<group>"; };
		59B58E791538AD0A00DF8835 /* GHUnit.framework */ = {isa = PBXFileReference; lastKnownFileType = wrapper.framework; path = GHUnit.framework; sourceTree = "<group>"; };
		59B58E7A1538AD0A00DF8835 /* Mac OS Tests-Info.plist */ = {isa = PBXFileReference; fileEncoding = 4; lastKnownFileType = text.plist.xml; path = "Mac OS Tests-Info.plist"; sourceTree = "<group>"; };
		59B58E7B1538AD0A00DF8835 /* Mac OS Tests-Prefix.pch */ = {isa = PBXFileReference; fileEncoding = 4; lastKnownFileType = sourcecode.c.h; path = "Mac OS Tests-Prefix.pch"; sourceTree = "<group>"; };
		59B58E7C1538AD0A00DF8835 /* main.m */ = {isa = PBXFileReference; fileEncoding = 4; lastKnownFileType = sourcecode.c.objc; path = main.m; sourceTree = "<group>"; };
		59D16339153880F90039BA21 /* GeneralTests.m */ = {isa = PBXFileReference; fileEncoding = 4; lastKnownFileType = sourcecode.c.objc; name = GeneralTests.m; path = Tests/GeneralTests.m; sourceTree = "<group>"; };
		59D1633A153880F90039BA21 /* InheritanceTestClasses.h */ = {isa = PBXFileReference; fileEncoding = 4; lastKnownFileType = sourcecode.c.h; path = InheritanceTestClasses.h; sourceTree = "<group>"; };
		59D1633B153880F90039BA21 /* InheritanceTestClasses.m */ = {isa = PBXFileReference; fileEncoding = 4; lastKnownFileType = sourcecode.c.objc; path = InheritanceTestClasses.m; sourceTree = "<group>"; };
		59D1633C153880F90039BA21 /* InheritanceTests.m */ = {isa = PBXFileReference; fileEncoding = 4; lastKnownFileType = sourcecode.c.objc; name = InheritanceTests.m; path = Tests/InheritanceTests.m; sourceTree = "<group>"; };
		59D1633D153880F90039BA21 /* NestingTestClasses.h */ = {isa = PBXFileReference; fileEncoding = 4; lastKnownFileType = sourcecode.c.h; path = NestingTestClasses.h; sourceTree = "<group>"; };
		59D1633E153880F90039BA21 /* NestingTestClasses.m */ = {isa = PBXFileReference; fileEncoding = 4; lastKnownFileType = sourcecode.c.objc; path = NestingTestClasses.m; sourceTree = "<group>"; };
		59D1633F153880F90039BA21 /* NSRAsserts.h */ = {isa = PBXFileReference; fileEncoding = 4; lastKnownFileType = sourcecode.c.h; name = NSRAsserts.h; path = Tests/NSRAsserts.h; sourceTree = "<group>"; };
		59D16340153880F90039BA21 /* TestClasses.h */ = {isa = PBXFileReference; fileEncoding = 4; lastKnownFileType = sourcecode.c.h; path = TestClasses.h; sourceTree = "<group>"; };
		59D16341153880F90039BA21 /* TestClasses.m */ = {isa = PBXFileReference; fileEncoding = 4; lastKnownFileType = sourcecode.c.objc; path = TestClasses.m; sourceTree = "<group>"; };
		59D16358153883420039BA21 /* Cocoa.framework */ = {isa = PBXFileReference; lastKnownFileType = wrapper.framework; name = Cocoa.framework; path = Platforms/MacOSX.platform/Developer/SDKs/MacOSX10.7.sdk/System/Library/Frameworks/Cocoa.framework; sourceTree = DEVELOPER_DIR; };
		59E3187814E9CD8700B0FC39 /* UIKit.framework */ = {isa = PBXFileReference; lastKnownFileType = wrapper.framework; name = UIKit.framework; path = System/Library/Frameworks/UIKit.framework; sourceTree = SDKROOT; };
		59E3187A14E9CD8700B0FC39 /* Foundation.framework */ = {isa = PBXFileReference; lastKnownFileType = wrapper.framework; name = Foundation.framework; path = System/Library/Frameworks/Foundation.framework; sourceTree = SDKROOT; };
		59E3187C14E9CD8700B0FC39 /* CoreGraphics.framework */ = {isa = PBXFileReference; lastKnownFileType = wrapper.framework; name = CoreGraphics.framework; path = System/Library/Frameworks/CoreGraphics.framework; sourceTree = SDKROOT; };
		59E318AF14E9CDC500B0FC39 /* iPhone Tests.app */ = {isa = PBXFileReference; explicitFileType = wrapper.application; includeInIndex = 0; path = "iPhone Tests.app"; sourceTree = BUILT_PRODUCTS_DIR; };
/* End PBXFileReference section */

/* Begin PBXFrameworksBuildPhase section */
		5914243E14EAFCEE00481815 /* Frameworks */ = {
			isa = PBXFrameworksBuildPhase;
			buildActionMask = 2147483647;
			files = (
				59D16359153883430039BA21 /* Cocoa.framework in Frameworks */,
				59B58E7D1538AD0A00DF8835 /* GHUnit.framework in Frameworks */,
			);
			runOnlyForDeploymentPostprocessing = 0;
		};
		59E318AC14E9CDC500B0FC39 /* Frameworks */ = {
			isa = PBXFrameworksBuildPhase;
			buildActionMask = 2147483647;
			files = (
				59E318B114E9CDC500B0FC39 /* UIKit.framework in Frameworks */,
				59E318B214E9CDC500B0FC39 /* Foundation.framework in Frameworks */,
				59E318B314E9CDC500B0FC39 /* CoreGraphics.framework in Frameworks */,
				59B58E751538AD0300DF8835 /* GHUnitIOS.framework in Frameworks */,
			);
			runOnlyForDeploymentPostprocessing = 0;
		};
/* End PBXFrameworksBuildPhase section */

/* Begin PBXGroup section */
		5914245E14EAFD0F00481815 /* NSRails */ = {
			isa = PBXGroup;
			children = (
				591F9D2E1519983300E30253 /* Helpers */,
				5914246E14EAFD0F00481815 /* NSRails.h */,
				5914246F14EAFD0F00481815 /* NSRails.m */,
				5914247014EAFD0F00481815 /* NSRConfig.h */,
				5914247114EAFD0F00481815 /* NSRConfig.m */,
			);
			name = NSRails;
			path = ../source;
			sourceTree = "<group>";
		};
		591424AD14EAFE7400481815 /* Tests */ = {
			isa = PBXGroup;
			children = (
				59D1633F153880F90039BA21 /* NSRAsserts.h */,
				59D1634C1538811D0039BA21 /* Test Classes */,
				59D16339153880F90039BA21 /* GeneralTests.m */,
				59D1633C153880F90039BA21 /* InheritanceTests.m */,
			);
			name = Tests;
			sourceTree = "<group>";
		};
		591F9D2E1519983300E30253 /* Helpers */ = {
			isa = PBXGroup;
			children = (
				591F9D381519983300E30253 /* SBJson */,
				591F9D2F1519983300E30253 /* Categories */,
				591F9D361519983300E30253 /* NSRPropertyCollection.h */,
				591F9D371519983300E30253 /* NSRPropertyCollection.m */,
			);
			path = Helpers;
			sourceTree = "<group>";
		};
		591F9D2F1519983300E30253 /* Categories */ = {
			isa = PBXGroup;
			children = (
				591F9D301519983300E30253 /* NSData+Additions.h */,
				591F9D311519983300E30253 /* NSData+Additions.m */,
				591F9D321519983300E30253 /* NSObject+Properties.h */,
				591F9D331519983300E30253 /* NSObject+Properties.m */,
				591F9D341519983300E30253 /* NSString+Inflection.h */,
				591F9D351519983300E30253 /* NSString+Inflection.m */,
			);
			path = Categories;
			sourceTree = "<group>";
		};
		591F9D381519983300E30253 /* SBJson */ = {
			isa = PBXGroup;
			children = (
				591F9D391519983300E30253 /* NSObject+SBJson.h */,
				591F9D3A1519983300E30253 /* NSObject+SBJson.m */,
				591F9D3B1519983300E30253 /* NSRails+SBJson.h */,
				591F9D3C1519983300E30253 /* NSRails+SBJson.m */,
				591F9D3D1519983300E30253 /* SBJson.h */,
				591F9D3E1519983300E30253 /* SBJsonParser.h */,
				591F9D3F1519983300E30253 /* SBJsonParser.m */,
				591F9D401519983300E30253 /* SBJsonStreamParser.h */,
				591F9D411519983300E30253 /* SBJsonStreamParser.m */,
				591F9D421519983300E30253 /* SBJsonStreamParserAccumulator.h */,
				591F9D431519983300E30253 /* SBJsonStreamParserAccumulator.m */,
				591F9D441519983300E30253 /* SBJsonStreamParserAdapter.h */,
				591F9D451519983300E30253 /* SBJsonStreamParserAdapter.m */,
				591F9D461519983300E30253 /* SBJsonStreamParserState.h */,
				591F9D471519983300E30253 /* SBJsonStreamParserState.m */,
				591F9D481519983300E30253 /* SBJsonStreamWriter.h */,
				591F9D491519983300E30253 /* SBJsonStreamWriter.m */,
				591F9D4A1519983300E30253 /* SBJsonStreamWriterAccumulator.h */,
				591F9D4B1519983300E30253 /* SBJsonStreamWriterAccumulator.m */,
				591F9D4C1519983300E30253 /* SBJsonStreamWriterState.h */,
				591F9D4D1519983300E30253 /* SBJsonStreamWriterState.m */,
				591F9D4E1519983300E30253 /* SBJsonTokeniser.h */,
				591F9D4F1519983300E30253 /* SBJsonTokeniser.m */,
				591F9D501519983300E30253 /* SBJsonUTF8Stream.h */,
				591F9D511519983300E30253 /* SBJsonUTF8Stream.m */,
				591F9D521519983300E30253 /* SBJsonWriter.h */,
				591F9D531519983300E30253 /* SBJsonWriter.m */,
			);
			path = SBJson;
			sourceTree = "<group>";
		};
		59B58E6F1538ACF900DF8835 /* Targets */ = {
			isa = PBXGroup;
			children = (
				59B58E781538AD0A00DF8835 /* Mac OS */,
				59B58E701538AD0300DF8835 /* iOS */,
			);
			name = Targets;
			sourceTree = "<group>";
		};
		59B58E701538AD0300DF8835 /* iOS */ = {
			isa = PBXGroup;
			children = (
				59B58E711538AD0300DF8835 /* GHUnitIOS.framework */,
				59B58E721538AD0300DF8835 /* iPhone Tests-Info.plist */,
				59B58E731538AD0300DF8835 /* iPhone Tests-Prefix.pch */,
				59B58E741538AD0300DF8835 /* main.m */,
			);
			name = iOS;
			path = Targets/iOS;
			sourceTree = "<group>";
		};
		59B58E781538AD0A00DF8835 /* Mac OS */ = {
			isa = PBXGroup;
			children = (
				59B58E791538AD0A00DF8835 /* GHUnit.framework */,
				59B58E7A1538AD0A00DF8835 /* Mac OS Tests-Info.plist */,
				59B58E7B1538AD0A00DF8835 /* Mac OS Tests-Prefix.pch */,
				59B58E7C1538AD0A00DF8835 /* main.m */,
			);
			name = "Mac OS";
			path = "Targets/Mac OS";
			sourceTree = "<group>";
		};
		59D1634C1538811D0039BA21 /* Test Classes */ = {
			isa = PBXGroup;
			children = (
				59D1633A153880F90039BA21 /* InheritanceTestClasses.h */,
				59D1633B153880F90039BA21 /* InheritanceTestClasses.m */,
				59D1633D153880F90039BA21 /* NestingTestClasses.h */,
				59D1633E153880F90039BA21 /* NestingTestClasses.m */,
				59D16340153880F90039BA21 /* TestClasses.h */,
				59D16341153880F90039BA21 /* TestClasses.m */,
			);
			name = "Test Classes";
			path = Tests;
			sourceTree = "<group>";
		};
		59E3186914E9CD8700B0FC39 = {
			isa = PBXGroup;
			children = (
				59B58E5D1538943E00DF8835 /* readme.md */,
				591424AD14EAFE7400481815 /* Tests */,
				5914245E14EAFD0F00481815 /* NSRails */,
				59B58E6F1538ACF900DF8835 /* Targets */,
				59E3187714E9CD8700B0FC39 /* Frameworks */,
				59E3187514E9CD8700B0FC39 /* Products */,
			);
			sourceTree = "<group>";
		};
		59E3187514E9CD8700B0FC39 /* Products */ = {
			isa = PBXGroup;
			children = (
				59E318AF14E9CDC500B0FC39 /* iPhone Tests.app */,
				5914244114EAFCEE00481815 /* Mac OS Tests.app */,
			);
			name = Products;
			sourceTree = "<group>";
		};
		59E3187714E9CD8700B0FC39 /* Frameworks */ = {
			isa = PBXGroup;
			children = (
				59D16358153883420039BA21 /* Cocoa.framework */,
				59E3187814E9CD8700B0FC39 /* UIKit.framework */,
				59E3187A14E9CD8700B0FC39 /* Foundation.framework */,
				59E3187C14E9CD8700B0FC39 /* CoreGraphics.framework */,
			);
			name = Frameworks;
			sourceTree = "<group>";
		};
/* End PBXGroup section */

/* Begin PBXNativeTarget section */
		5914244014EAFCEE00481815 /* Mac OS Tests */ = {
			isa = PBXNativeTarget;
			buildConfigurationList = 5914245B14EAFCEF00481815 /* Build configuration list for PBXNativeTarget "Mac OS Tests" */;
			buildPhases = (
				5914243D14EAFCEE00481815 /* Sources */,
				5914243E14EAFCEE00481815 /* Frameworks */,
				5914243F14EAFCEE00481815 /* Resources */,
				591424C614EB0A0300481815 /* CopyFiles */,
			);
			buildRules = (
			);
			dependencies = (
			);
			name = "Mac OS Tests";
			productName = "Mac OS Tests";
			productReference = 5914244114EAFCEE00481815 /* Mac OS Tests.app */;
			productType = "com.apple.product-type.application";
		};
		59E318AE14E9CDC500B0FC39 /* iPhone Tests */ = {
			isa = PBXNativeTarget;
			buildConfigurationList = 59E318C014E9CDC500B0FC39 /* Build configuration list for PBXNativeTarget "iPhone Tests" */;
			buildPhases = (
				59E318AB14E9CDC500B0FC39 /* Sources */,
				59E318AC14E9CDC500B0FC39 /* Frameworks */,
				59E318AD14E9CDC500B0FC39 /* Resources */,
				59B58E811538AD4100DF8835 /* CopyFiles */,
			);
			buildRules = (
			);
			dependencies = (
			);
			name = "iPhone Tests";
			productName = Tests;
			productReference = 59E318AF14E9CDC500B0FC39 /* iPhone Tests.app */;
			productType = "com.apple.product-type.application";
		};
/* End PBXNativeTarget section */

/* Begin PBXProject section */
		59E3186B14E9CD8700B0FC39 /* Project object */ = {
			isa = PBXProject;
			attributes = {
				LastUpgradeCheck = 0430;
			};
			buildConfigurationList = 59E3186E14E9CD8700B0FC39 /* Build configuration list for PBXProject "NSRails" */;
			compatibilityVersion = "Xcode 3.2";
			developmentRegion = English;
			hasScannedForEncodings = 0;
			knownRegions = (
				en,
			);
			mainGroup = 59E3186914E9CD8700B0FC39;
			productRefGroup = 59E3187514E9CD8700B0FC39 /* Products */;
			projectDirPath = "";
			projectRoot = "";
			targets = (
				59E318AE14E9CDC500B0FC39 /* iPhone Tests */,
				5914244014EAFCEE00481815 /* Mac OS Tests */,
			);
		};
/* End PBXProject section */

/* Begin PBXResourcesBuildPhase section */
		5914243F14EAFCEE00481815 /* Resources */ = {
			isa = PBXResourcesBuildPhase;
			buildActionMask = 2147483647;
			files = (
			);
			runOnlyForDeploymentPostprocessing = 0;
		};
		59E318AD14E9CDC500B0FC39 /* Resources */ = {
			isa = PBXResourcesBuildPhase;
			buildActionMask = 2147483647;
			files = (
			);
			runOnlyForDeploymentPostprocessing = 0;
		};
/* End PBXResourcesBuildPhase section */

/* Begin PBXSourcesBuildPhase section */
		5914243D14EAFCEE00481815 /* Sources */ = {
			isa = PBXSourcesBuildPhase;
			buildActionMask = 2147483647;
			files = (
				5914247F14EAFD0F00481815 /* NSRails.m in Sources */,
				5914248114EAFD0F00481815 /* NSRConfig.m in Sources */,
				591F9D551519983300E30253 /* NSData+Additions.m in Sources */,
				591F9D571519983300E30253 /* NSObject+Properties.m in Sources */,
				591F9D591519983300E30253 /* NSString+Inflection.m in Sources */,
				591F9D5B1519983300E30253 /* NSRPropertyCollection.m in Sources */,
				591F9D5D1519983300E30253 /* NSObject+SBJson.m in Sources */,
				591F9D5F1519983300E30253 /* NSRails+SBJson.m in Sources */,
				591F9D611519983300E30253 /* SBJsonParser.m in Sources */,
				591F9D631519983300E30253 /* SBJsonStreamParser.m in Sources */,
				591F9D651519983300E30253 /* SBJsonStreamParserAccumulator.m in Sources */,
				591F9D671519983300E30253 /* SBJsonStreamParserAdapter.m in Sources */,
				591F9D691519983300E30253 /* SBJsonStreamParserState.m in Sources */,
				591F9D6B1519983300E30253 /* SBJsonStreamWriter.m in Sources */,
				591F9D6D1519983300E30253 /* SBJsonStreamWriterAccumulator.m in Sources */,
				591F9D6F1519983300E30253 /* SBJsonStreamWriterState.m in Sources */,
				591F9D711519983300E30253 /* SBJsonTokeniser.m in Sources */,
				591F9D731519983300E30253 /* SBJsonUTF8Stream.m in Sources */,
				591F9D751519983300E30253 /* SBJsonWriter.m in Sources */,
				59D16343153880F90039BA21 /* GeneralTests.m in Sources */,
				59D16345153880F90039BA21 /* InheritanceTestClasses.m in Sources */,
				59D16347153880F90039BA21 /* InheritanceTests.m in Sources */,
				59D16349153880F90039BA21 /* NestingTestClasses.m in Sources */,
				59D1634B153880F90039BA21 /* TestClasses.m in Sources */,
				59B58E7F1538AD0A00DF8835 /* main.m in Sources */,
			);
			runOnlyForDeploymentPostprocessing = 0;
		};
		59E318AB14E9CDC500B0FC39 /* Sources */ = {
			isa = PBXSourcesBuildPhase;
			buildActionMask = 2147483647;
			files = (
				5914247E14EAFD0F00481815 /* NSRails.m in Sources */,
				5914248014EAFD0F00481815 /* NSRConfig.m in Sources */,
				591F9D541519983300E30253 /* NSData+Additions.m in Sources */,
				591F9D561519983300E30253 /* NSObject+Properties.m in Sources */,
				591F9D581519983300E30253 /* NSString+Inflection.m in Sources */,
				591F9D5A1519983300E30253 /* NSRPropertyCollection.m in Sources */,
				591F9D5C1519983300E30253 /* NSObject+SBJson.m in Sources */,
				591F9D5E1519983300E30253 /* NSRails+SBJson.m in Sources */,
				591F9D601519983300E30253 /* SBJsonParser.m in Sources */,
				591F9D621519983300E30253 /* SBJsonStreamParser.m in Sources */,
				591F9D641519983300E30253 /* SBJsonStreamParserAccumulator.m in Sources */,
				591F9D661519983300E30253 /* SBJsonStreamParserAdapter.m in Sources */,
				591F9D681519983300E30253 /* SBJsonStreamParserState.m in Sources */,
				591F9D6A1519983300E30253 /* SBJsonStreamWriter.m in Sources */,
				591F9D6C1519983300E30253 /* SBJsonStreamWriterAccumulator.m in Sources */,
				591F9D6E1519983300E30253 /* SBJsonStreamWriterState.m in Sources */,
				591F9D701519983300E30253 /* SBJsonTokeniser.m in Sources */,
				591F9D721519983300E30253 /* SBJsonUTF8Stream.m in Sources */,
				591F9D741519983300E30253 /* SBJsonWriter.m in Sources */,
				59D16342153880F90039BA21 /* GeneralTests.m in Sources */,
				59D16344153880F90039BA21 /* InheritanceTestClasses.m in Sources */,
				59D16346153880F90039BA21 /* InheritanceTests.m in Sources */,
				59D16348153880F90039BA21 /* NestingTestClasses.m in Sources */,
				59D1634A153880F90039BA21 /* TestClasses.m in Sources */,
				59B58E771538AD0300DF8835 /* main.m in Sources */,
			);
			runOnlyForDeploymentPostprocessing = 0;
		};
/* End PBXSourcesBuildPhase section */

/* Begin XCBuildConfiguration section */
		5914245C14EAFCEF00481815 /* Debug */ = {
			isa = XCBuildConfiguration;
			buildSettings = {
				ARCHS = "$(ARCHS_STANDARD_64_BIT)";
				CLANG_ENABLE_OBJC_ARC = NO;
				FRAMEWORK_SEARCH_PATHS = (
					"$(inherited)",
					"\"$(DEVELOPER_FRAMEWORKS_DIR)\"",
					"\"$(SRCROOT)/Targets/Mac OS\"",
				);
				GCC_ENABLE_OBJC_EXCEPTIONS = YES;
				GCC_PRECOMPILE_PREFIX_HEADER = YES;
				GCC_PREFIX_HEADER = "Targets/Mac OS/Mac OS Tests-Prefix.pch";
				GCC_VERSION = "";
				GCC_WARN_64_TO_32_BIT_CONVERSION = YES;
				GCC_WARN_UNUSED_VARIABLE = NO;
				INFOPLIST_FILE = "Targets/Mac OS/Mac OS Tests-Info.plist";
				LD_RUNPATH_SEARCH_PATHS = "@loader_path/../Frameworks";
				MACOSX_DEPLOYMENT_TARGET = 10.6;
				ONLY_ACTIVE_ARCH = YES;
				PRODUCT_NAME = "$(TARGET_NAME)";
				SDKROOT = macosx;
				WRAPPER_EXTENSION = app;
			};
			name = Debug;
		};
		5914245D14EAFCEF00481815 /* Release */ = {
			isa = XCBuildConfiguration;
			buildSettings = {
				ARCHS = "$(ARCHS_STANDARD_64_BIT)";
				CLANG_ENABLE_OBJC_ARC = NO;
				DEBUG_INFORMATION_FORMAT = "dwarf-with-dsym";
				FRAMEWORK_SEARCH_PATHS = (
					"$(inherited)",
					"\"$(DEVELOPER_FRAMEWORKS_DIR)\"",
					"\"$(SRCROOT)/Targets/Mac OS\"",
				);
				GCC_ENABLE_OBJC_EXCEPTIONS = YES;
				GCC_PRECOMPILE_PREFIX_HEADER = YES;
				GCC_PREFIX_HEADER = "Targets/Mac OS/Mac OS Tests-Prefix.pch";
				GCC_VERSION = "";
				GCC_WARN_64_TO_32_BIT_CONVERSION = YES;
				INFOPLIST_FILE = "Targets/Mac OS/Mac OS Tests-Info.plist";
				LD_RUNPATH_SEARCH_PATHS = "@loader_path/../Frameworks";
				MACOSX_DEPLOYMENT_TARGET = 10.6;
				PRODUCT_NAME = "$(TARGET_NAME)";
				SDKROOT = macosx;
				WRAPPER_EXTENSION = app;
			};
			name = Release;
		};
		59E3188A14E9CD8700B0FC39 /* Debug */ = {
			isa = XCBuildConfiguration;
			buildSettings = {
				ALWAYS_SEARCH_USER_PATHS = NO;
				ARCHS = "$(ARCHS_STANDARD_32_BIT)";
				CLANG_ENABLE_OBJC_ARC = YES;
				"CODE_SIGN_IDENTITY[sdk=iphoneos*]" = "iPhone Developer";
				COPY_PHASE_STRIP = NO;
				GCC_C_LANGUAGE_STANDARD = gnu99;
				GCC_DYNAMIC_NO_PIC = NO;
				GCC_OPTIMIZATION_LEVEL = 0;
				GCC_PREPROCESSOR_DEFINITIONS = (
					"DEBUG=1",
					"$(inherited)",
				);
				GCC_SYMBOLS_PRIVATE_EXTERN = NO;
				GCC_VERSION = "";
				GCC_WARN_ABOUT_MISSING_PROTOTYPES = YES;
				GCC_WARN_ABOUT_RETURN_TYPE = YES;
				GCC_WARN_UNUSED_VALUE = NO;
				GCC_WARN_UNUSED_VARIABLE = NO;
				IPHONEOS_DEPLOYMENT_TARGET = 5.0;
				SDKROOT = iphoneos;
			};
			name = Debug;
		};
		59E3188B14E9CD8700B0FC39 /* Release */ = {
			isa = XCBuildConfiguration;
			buildSettings = {
				ALWAYS_SEARCH_USER_PATHS = NO;
				ARCHS = "$(ARCHS_STANDARD_32_BIT)";
				CLANG_ENABLE_OBJC_ARC = YES;
				"CODE_SIGN_IDENTITY[sdk=iphoneos*]" = "iPhone Developer";
				COPY_PHASE_STRIP = YES;
				GCC_C_LANGUAGE_STANDARD = gnu99;
				GCC_VERSION = "";
				GCC_WARN_ABOUT_MISSING_PROTOTYPES = YES;
				GCC_WARN_ABOUT_RETURN_TYPE = YES;
				GCC_WARN_UNUSED_VALUE = NO;
				GCC_WARN_UNUSED_VARIABLE = NO;
				IPHONEOS_DEPLOYMENT_TARGET = 5.0;
				OTHER_CFLAGS = "-DNS_BLOCK_ASSERTIONS=1";
				SDKROOT = iphoneos;
				VALIDATE_PRODUCT = YES;
			};
			name = Release;
		};
		59E318C114E9CDC500B0FC39 /* Debug */ = {
			isa = XCBuildConfiguration;
			buildSettings = {
				"CODE_SIGN_IDENTITY[sdk=iphoneos*]" = "iPhone Developer";
				FRAMEWORK_SEARCH_PATHS = (
					"$(inherited)",
					"\"$(SRCROOT)/Targets/iOS\"",
				);
				GCC_PRECOMPILE_PREFIX_HEADER = YES;
				GCC_PREFIX_HEADER = "Targets/iOS/iPhone Tests-Prefix.pch";
				GCC_VERSION = "";
				GCC_WARN_UNUSED_VARIABLE = NO;
				INFOPLIST_FILE = "Targets/iOS/iPhone Tests-Info.plist";
				OTHER_LDFLAGS = (
					"-ObjC",
					"-all_load",
				);
				PRODUCT_NAME = "$(TARGET_NAME)";
				WRAPPER_EXTENSION = app;
			};
			name = Debug;
		};
		59E318C214E9CDC500B0FC39 /* Release */ = {
			isa = XCBuildConfiguration;
			buildSettings = {
				"CODE_SIGN_IDENTITY[sdk=iphoneos*]" = "iPhone Developer";
				FRAMEWORK_SEARCH_PATHS = (
					"$(inherited)",
					"\"$(SRCROOT)/Targets/iOS\"",
				);
				GCC_PRECOMPILE_PREFIX_HEADER = YES;
				GCC_PREFIX_HEADER = "Targets/iOS/iPhone Tests-Prefix.pch";
				GCC_VERSION = "";
				INFOPLIST_FILE = "Targets/iOS/iPhone Tests-Info.plist";
				OTHER_LDFLAGS = (
					"-ObjC",
					"-all_load",
				);
				PRODUCT_NAME = "$(TARGET_NAME)";
				WRAPPER_EXTENSION = app;
			};
			name = Release;
		};
/* End XCBuildConfiguration section */

/* Begin XCConfigurationList section */
		5914245B14EAFCEF00481815 /* Build configuration list for PBXNativeTarget "Mac OS Tests" */ = {
			isa = XCConfigurationList;
			buildConfigurations = (
				5914245C14EAFCEF00481815 /* Debug */,
				5914245D14EAFCEF00481815 /* Release */,
			);
			defaultConfigurationIsVisible = 0;
			defaultConfigurationName = Release;
		};
		59E3186E14E9CD8700B0FC39 /* Build configuration list for PBXProject "NSRails" */ = {
			isa = XCConfigurationList;
			buildConfigurations = (
				59E3188A14E9CD8700B0FC39 /* Debug */,
				59E3188B14E9CD8700B0FC39 /* Release */,
			);
			defaultConfigurationIsVisible = 0;
			defaultConfigurationName = Release;
		};
		59E318C014E9CDC500B0FC39 /* Build configuration list for PBXNativeTarget "iPhone Tests" */ = {
			isa = XCConfigurationList;
			buildConfigurations = (
				59E318C114E9CDC500B0FC39 /* Debug */,
				59E318C214E9CDC500B0FC39 /* Release */,
			);
			defaultConfigurationIsVisible = 0;
			defaultConfigurationName = Release;
		};
/* End XCConfigurationList section */
	};
	rootObject = 59E3186B14E9CD8700B0FC39 /* Project object */;
}
