// !$*UTF8*$!
{
	archiveVersion = 1;
	classes = {
	};
	objectVersion = 46;
	objects = {

/* Begin PBXBuildFile section */
		370E5A75180B1D010061FF8B /* Default-568h@2x.png in Resources */ = {isa = PBXBuildFile; fileRef = 370E5A74180B1D010061FF8B /* Default-568h@2x.png */; };
		5975A4A3156364200088E453 /* UIKit.framework in Frameworks */ = {isa = PBXBuildFile; fileRef = 5975A4A2156364200088E453 /* UIKit.framework */; };
		5975A4A5156364200088E453 /* Foundation.framework in Frameworks */ = {isa = PBXBuildFile; fileRef = 5975A4A4156364200088E453 /* Foundation.framework */; };
		5975A4A7156364200088E453 /* CoreGraphics.framework in Frameworks */ = {isa = PBXBuildFile; fileRef = 5975A4A6156364200088E453 /* CoreGraphics.framework */; };
		5975A5651563686F0088E453 /* AppDelegate.m in Sources */ = {isa = PBXBuildFile; fileRef = 5975A5571563686F0088E453 /* AppDelegate.m */; };
		5975A5661563686F0088E453 /* InputViewController.m in Sources */ = {isa = PBXBuildFile; fileRef = 5975A55A1563686F0088E453 /* InputViewController.m */; };
		5975A5671563686F0088E453 /* InputViewController.xib in Resources */ = {isa = PBXBuildFile; fileRef = 5975A55B1563686F0088E453 /* InputViewController.xib */; };
		5975A5681563686F0088E453 /* PostsViewController.m in Sources */ = {isa = PBXBuildFile; fileRef = 5975A55D1563686F0088E453 /* PostsViewController.m */; };
		5975A5691563686F0088E453 /* ResponsesViewController.m in Sources */ = {isa = PBXBuildFile; fileRef = 5975A55F1563686F0088E453 /* ResponsesViewController.m */; };
		5975A56A1563686F0088E453 /* Post.m in Sources */ = {isa = PBXBuildFile; fileRef = 5975A5621563686F0088E453 /* Post.m */; };
		5975A56B1563686F0088E453 /* Response.m in Sources */ = {isa = PBXBuildFile; fileRef = 5975A5641563686F0088E453 /* Response.m */; };
		5993AFC91575D52200DA25F4 /* CoreData.framework in Frameworks */ = {isa = PBXBuildFile; fileRef = 5993AFC81575D52200DA25F4 /* CoreData.framework */; };
		59B4B5CE15681CD70005A505 /* main.m in Sources */ = {isa = PBXBuildFile; fileRef = 59B4B5CB15681CD70005A505 /* main.m */; };
/* End PBXBuildFile section */

/* Begin PBXFileReference section */
		370E5A74180B1D010061FF8B /* Default-568h@2x.png */ = {isa = PBXFileReference; lastKnownFileType = image.png; path = "Default-568h@2x.png"; sourceTree = "<group>"; };
		5975A49E156364200088E453 /* NSRailsDemo.app */ = {isa = PBXFileReference; explicitFileType = wrapper.application; includeInIndex = 0; path = NSRailsDemo.app; sourceTree = BUILT_PRODUCTS_DIR; };
		5975A4A2156364200088E453 /* UIKit.framework */ = {isa = PBXFileReference; lastKnownFileType = wrapper.framework; name = UIKit.framework; path = System/Library/Frameworks/UIKit.framework; sourceTree = SDKROOT; };
		5975A4A4156364200088E453 /* Foundation.framework */ = {isa = PBXFileReference; lastKnownFileType = wrapper.framework; name = Foundation.framework; path = System/Library/Frameworks/Foundation.framework; sourceTree = SDKROOT; };
		5975A4A6156364200088E453 /* CoreGraphics.framework */ = {isa = PBXFileReference; lastKnownFileType = wrapper.framework; name = CoreGraphics.framework; path = System/Library/Frameworks/CoreGraphics.framework; sourceTree = SDKROOT; };
		5975A5561563686F0088E453 /* AppDelegate.h */ = {isa = PBXFileReference; fileEncoding = 4; lastKnownFileType = sourcecode.c.h; name = AppDelegate.h; path = Classes/AppDelegate.h; sourceTree = SOURCE_ROOT; };
		5975A5571563686F0088E453 /* AppDelegate.m */ = {isa = PBXFileReference; fileEncoding = 4; lastKnownFileType = sourcecode.c.objc; name = AppDelegate.m; path = Classes/AppDelegate.m; sourceTree = SOURCE_ROOT; };
		5975A5591563686F0088E453 /* InputViewController.h */ = {isa = PBXFileReference; fileEncoding = 4; lastKnownFileType = sourcecode.c.h; path = InputViewController.h; sourceTree = "<group>"; };
		5975A55A1563686F0088E453 /* InputViewController.m */ = {isa = PBXFileReference; fileEncoding = 4; lastKnownFileType = sourcecode.c.objc; path = InputViewController.m; sourceTree = "<group>"; };
		5975A55B1563686F0088E453 /* InputViewController.xib */ = {isa = PBXFileReference; fileEncoding = 4; lastKnownFileType = file.xib; path = InputViewController.xib; sourceTree = "<group>"; };
		5975A55C1563686F0088E453 /* PostsViewController.h */ = {isa = PBXFileReference; fileEncoding = 4; lastKnownFileType = sourcecode.c.h; path = PostsViewController.h; sourceTree = "<group>"; };
		5975A55D1563686F0088E453 /* PostsViewController.m */ = {isa = PBXFileReference; fileEncoding = 4; lastKnownFileType = sourcecode.c.objc; path = PostsViewController.m; sourceTree = "<group>"; };
		5975A55E1563686F0088E453 /* ResponsesViewController.h */ = {isa = PBXFileReference; fileEncoding = 4; lastKnownFileType = sourcecode.c.h; path = ResponsesViewController.h; sourceTree = "<group>"; };
		5975A55F1563686F0088E453 /* ResponsesViewController.m */ = {isa = PBXFileReference; fileEncoding = 4; lastKnownFileType = sourcecode.c.objc; path = ResponsesViewController.m; sourceTree = "<group>"; };
		5975A5611563686F0088E453 /* Post.h */ = {isa = PBXFileReference; fileEncoding = 4; lastKnownFileType = sourcecode.c.h; path = Post.h; sourceTree = "<group>"; };
		5975A5621563686F0088E453 /* Post.m */ = {isa = PBXFileReference; fileEncoding = 4; lastKnownFileType = sourcecode.c.objc; path = Post.m; sourceTree = "<group>"; };
		5975A5631563686F0088E453 /* Response.h */ = {isa = PBXFileReference; fileEncoding = 4; lastKnownFileType = sourcecode.c.h; path = Response.h; sourceTree = "<group>"; };
		5975A5641563686F0088E453 /* Response.m */ = {isa = PBXFileReference; fileEncoding = 4; lastKnownFileType = sourcecode.c.objc; path = Response.m; sourceTree = "<group>"; };
		5993AFC81575D52200DA25F4 /* CoreData.framework */ = {isa = PBXFileReference; lastKnownFileType = wrapper.framework; name = CoreData.framework; path = System/Library/Frameworks/CoreData.framework; sourceTree = SDKROOT; };
		59B4B5CB15681CD70005A505 /* main.m */ = {isa = PBXFileReference; fileEncoding = 4; lastKnownFileType = sourcecode.c.objc; path = main.m; sourceTree = "<group>"; };
		59B4B5CC15681CD70005A505 /* NSRailsDemo-Info.plist */ = {isa = PBXFileReference; fileEncoding = 4; lastKnownFileType = text.plist.xml; path = "NSRailsDemo-Info.plist"; sourceTree = "<group>"; };
		59B4B5CD15681CD70005A505 /* NSRailsDemo-Prefix.pch */ = {isa = PBXFileReference; fileEncoding = 4; lastKnownFileType = sourcecode.c.h; path = "NSRailsDemo-Prefix.pch"; sourceTree = "<group>"; };
/* End PBXFileReference section */

/* Begin PBXFrameworksBuildPhase section */
		5975A49B156364200088E453 /* Frameworks */ = {
			isa = PBXFrameworksBuildPhase;
			buildActionMask = 2147483647;
			files = (
				5993AFC91575D52200DA25F4 /* CoreData.framework in Frameworks */,
				5975A4A3156364200088E453 /* UIKit.framework in Frameworks */,
				5975A4A5156364200088E453 /* Foundation.framework in Frameworks */,
				5975A4A7156364200088E453 /* CoreGraphics.framework in Frameworks */,
			);
			runOnlyForDeploymentPostprocessing = 0;
		};
/* End PBXFrameworksBuildPhase section */

/* Begin PBXGroup section */
		5975A493156364200088E453 = {
			isa = PBXGroup;
			children = (
				5975A4A8156364200088E453 /* NSRailsDemo */,
				59B4B5CA15681CD70005A505 /* Supporting Files */,
				5975A4A1156364200088E453 /* Frameworks */,
				5975A49F156364200088E453 /* Products */,
			);
			sourceTree = "<group>";
		};
		5975A49F156364200088E453 /* Products */ = {
			isa = PBXGroup;
			children = (
				5975A49E156364200088E453 /* NSRailsDemo.app */,
			);
			name = Products;
			sourceTree = "<group>";
		};
		5975A4A1156364200088E453 /* Frameworks */ = {
			isa = PBXGroup;
			children = (
				5993AFC81575D52200DA25F4 /* CoreData.framework */,
				5975A4A2156364200088E453 /* UIKit.framework */,
				5975A4A4156364200088E453 /* Foundation.framework */,
				5975A4A6156364200088E453 /* CoreGraphics.framework */,
			);
			name = Frameworks;
			sourceTree = "<group>";
		};
		5975A4A8156364200088E453 /* NSRailsDemo */ = {
			isa = PBXGroup;
			children = (
				5975A5561563686F0088E453 /* AppDelegate.h */,
				5975A5571563686F0088E453 /* AppDelegate.m */,
				5975A5581563686F0088E453 /* Controllers */,
				5975A5601563686F0088E453 /* Models */,
			);
			path = NSRailsDemo;
			sourceTree = "<group>";
		};
		5975A5581563686F0088E453 /* Controllers */ = {
			isa = PBXGroup;
			children = (
				5975A5591563686F0088E453 /* InputViewController.h */,
				5975A55A1563686F0088E453 /* InputViewController.m */,
				5975A55B1563686F0088E453 /* InputViewController.xib */,
				5975A55C1563686F0088E453 /* PostsViewController.h */,
				5975A55D1563686F0088E453 /* PostsViewController.m */,
				5975A55E1563686F0088E453 /* ResponsesViewController.h */,
				5975A55F1563686F0088E453 /* ResponsesViewController.m */,
			);
			name = Controllers;
			path = Classes/Controllers;
			sourceTree = SOURCE_ROOT;
		};
		5975A5601563686F0088E453 /* Models */ = {
			isa = PBXGroup;
			children = (
				5975A5611563686F0088E453 /* Post.h */,
				5975A5621563686F0088E453 /* Post.m */,
				5975A5631563686F0088E453 /* Response.h */,
				5975A5641563686F0088E453 /* Response.m */,
			);
			name = Models;
			path = Classes/Models;
			sourceTree = SOURCE_ROOT;
		};
		59B4B5CA15681CD70005A505 /* Supporting Files */ = {
			isa = PBXGroup;
			children = (
				370E5A74180B1D010061FF8B /* Default-568h@2x.png */,
				59B4B5CB15681CD70005A505 /* main.m */,
				59B4B5CC15681CD70005A505 /* NSRailsDemo-Info.plist */,
				59B4B5CD15681CD70005A505 /* NSRailsDemo-Prefix.pch */,
			);
			path = "Supporting Files";
			sourceTree = "<group>";
		};
/* End PBXGroup section */

/* Begin PBXNativeTarget section */
		5975A49D156364200088E453 /* NSRailsDemo */ = {
			isa = PBXNativeTarget;
			buildConfigurationList = 5975A4B6156364200088E453 /* Build configuration list for PBXNativeTarget "NSRailsDemo" */;
			buildPhases = (
				5975A49A156364200088E453 /* Sources */,
				5975A49B156364200088E453 /* Frameworks */,
				5975A49C156364200088E453 /* Resources */,
			);
			buildRules = (
			);
			dependencies = (
			);
			name = NSRailsDemo;
			productName = NSRailsDemo;
			productReference = 5975A49E156364200088E453 /* NSRailsDemo.app */;
			productType = "com.apple.product-type.application";
		};
/* End PBXNativeTarget section */

/* Begin PBXProject section */
		5975A495156364200088E453 /* Project object */ = {
			isa = PBXProject;
			attributes = {
				LastUpgradeCheck = 0430;
			};
			buildConfigurationList = 5975A498156364200088E453 /* Build configuration list for PBXProject "NSRailsDemo" */;
			compatibilityVersion = "Xcode 3.2";
			developmentRegion = English;
			hasScannedForEncodings = 0;
			knownRegions = (
				en,
			);
			mainGroup = 5975A493156364200088E453;
			productRefGroup = 5975A49F156364200088E453 /* Products */;
			projectDirPath = "";
			projectRoot = "";
			targets = (
				5975A49D156364200088E453 /* NSRailsDemo */,
			);
		};
/* End PBXProject section */

/* Begin PBXResourcesBuildPhase section */
		5975A49C156364200088E453 /* Resources */ = {
			isa = PBXResourcesBuildPhase;
			buildActionMask = 2147483647;
			files = (
				5975A5671563686F0088E453 /* InputViewController.xib in Resources */,
				370E5A75180B1D010061FF8B /* Default-568h@2x.png in Resources */,
			);
			runOnlyForDeploymentPostprocessing = 0;
		};
/* End PBXResourcesBuildPhase section */

/* Begin PBXSourcesBuildPhase section */
		5975A49A156364200088E453 /* Sources */ = {
			isa = PBXSourcesBuildPhase;
			buildActionMask = 2147483647;
			files = (
				5975A5651563686F0088E453 /* AppDelegate.m in Sources */,
				5975A5661563686F0088E453 /* InputViewController.m in Sources */,
				5975A5681563686F0088E453 /* PostsViewController.m in Sources */,
				5975A5691563686F0088E453 /* ResponsesViewController.m in Sources */,
				5975A56A1563686F0088E453 /* Post.m in Sources */,
				5975A56B1563686F0088E453 /* Response.m in Sources */,
				59B4B5CE15681CD70005A505 /* main.m in Sources */,
			);
			runOnlyForDeploymentPostprocessing = 0;
		};
/* End PBXSourcesBuildPhase section */

/* Begin XCBuildConfiguration section */
		5975A4B4156364200088E453 /* Debug */ = {
			isa = XCBuildConfiguration;
			buildSettings = {
				ALWAYS_SEARCH_USER_PATHS = NO;
				ARCHS = "$(ARCHS_STANDARD_32_BIT)";
				CLANG_ENABLE_OBJC_ARC = YES;
				"CODE_SIGN_IDENTITY[sdk=iphoneos*]" = "iPhone Developer";
				COPY_PHASE_STRIP = NO;
				GCC_C_LANGUAGE_STANDARD = gnu99;
				GCC_DYNAMIC_NO_PIC = NO;
				GCC_OPTIMIZATION_LEVEL = 0;
				GCC_PREPROCESSOR_DEFINITIONS = (
					"DEBUG=1",
					"$(inherited)",
				);
				GCC_SYMBOLS_PRIVATE_EXTERN = NO;
				GCC_VERSION = com.apple.compilers.llvm.clang.1_0;
				GCC_WARN_ABOUT_RETURN_TYPE = YES;
				GCC_WARN_UNINITIALIZED_AUTOS = YES;
				GCC_WARN_UNUSED_VARIABLE = YES;
				IPHONEOS_DEPLOYMENT_TARGET = 5.1;
				SDKROOT = iphoneos;
			};
			name = Debug;
		};
		5975A4B5156364200088E453 /* Release */ = {
			isa = XCBuildConfiguration;
			buildSettings = {
				ALWAYS_SEARCH_USER_PATHS = NO;
				ARCHS = "$(ARCHS_STANDARD_32_BIT)";
				CLANG_ENABLE_OBJC_ARC = YES;
				"CODE_SIGN_IDENTITY[sdk=iphoneos*]" = "iPhone Developer";
				COPY_PHASE_STRIP = YES;
				GCC_C_LANGUAGE_STANDARD = gnu99;
				GCC_VERSION = com.apple.compilers.llvm.clang.1_0;
				GCC_WARN_ABOUT_RETURN_TYPE = YES;
				GCC_WARN_UNINITIALIZED_AUTOS = YES;
				GCC_WARN_UNUSED_VARIABLE = YES;
				IPHONEOS_DEPLOYMENT_TARGET = 5.1;
				OTHER_CFLAGS = "-DNS_BLOCK_ASSERTIONS=1";
				SDKROOT = iphoneos;
				VALIDATE_PRODUCT = YES;
			};
			name = Release;
		};
		5975A4B7156364200088E453 /* Debug */ = {
			isa = XCBuildConfiguration;
			buildSettings = {
				GCC_PRECOMPILE_PREFIX_HEADER = YES;
				GCC_PREFIX_HEADER = "Supporting Files/NSRailsDemo-Prefix.pch";
				INFOPLIST_FILE = "Supporting Files/NSRailsDemo-Info.plist";
				PRODUCT_NAME = "$(TARGET_NAME)";
				WRAPPER_EXTENSION = app;
			};
			name = Debug;
		};
		5975A4B8156364200088E453 /* Release */ = {
			isa = XCBuildConfiguration;
			buildSettings = {
				GCC_PRECOMPILE_PREFIX_HEADER = YES;
				GCC_PREFIX_HEADER = "Supporting Files/NSRailsDemo-Prefix.pch";
				INFOPLIST_FILE = "Supporting Files/NSRailsDemo-Info.plist";
				PRODUCT_NAME = "$(TARGET_NAME)";
				WRAPPER_EXTENSION = app;
			};
			name = Release;
		};
/* End XCBuildConfiguration section */

/* Begin XCConfigurationList section */
		5975A498156364200088E453 /* Build configuration list for PBXProject "NSRailsDemo" */ = {
			isa = XCConfigurationList;
			buildConfigurations = (
				5975A4B4156364200088E453 /* Debug */,
				5975A4B5156364200088E453 /* Release */,
			);
			defaultConfigurationIsVisible = 0;
			defaultConfigurationName = Release;
		};
		5975A4B6156364200088E453 /* Build configuration list for PBXNativeTarget "NSRailsDemo" */ = {
			isa = XCConfigurationList;
			buildConfigurations = (
				5975A4B7156364200088E453 /* Debug */,
				5975A4B8156364200088E453 /* Release */,
			);
			defaultConfigurationIsVisible = 0;
			defaultConfigurationName = Release;
		};
/* End XCConfigurationList section */
	};
	rootObject = 5975A495156364200088E453 /* Project object */;
}
